// !$*UTF8*$!
{
	archiveVersion = 1;
	classes = {
	};
	objectVersion = 46;
	objects = {

/* Begin PBXBuildFile section */
		64025CAF1628A40F003B72E3 /* camera-icon.png in Resources */ = {isa = PBXBuildFile; fileRef = 64025CAD1628A40F003B72E3 /* camera-icon.png */; };
		64025CB01628A40F003B72E3 /* camera-icon@2x.png in Resources */ = {isa = PBXBuildFile; fileRef = 64025CAE1628A40F003B72E3 /* camera-icon@2x.png */; };
		640C4E261623761E00E04266 /* UIKit.framework in Frameworks */ = {isa = PBXBuildFile; fileRef = 640C4E251623761E00E04266 /* UIKit.framework */; };
		640C4E281623761E00E04266 /* Foundation.framework in Frameworks */ = {isa = PBXBuildFile; fileRef = 640C4E271623761E00E04266 /* Foundation.framework */; };
		640C4E2A1623761E00E04266 /* CoreGraphics.framework in Frameworks */ = {isa = PBXBuildFile; fileRef = 640C4E291623761E00E04266 /* CoreGraphics.framework */; };
		640C4E301623761E00E04266 /* InfoPlist.strings in Resources */ = {isa = PBXBuildFile; fileRef = 640C4E2E1623761E00E04266 /* InfoPlist.strings */; };
		640C4E321623761E00E04266 /* main.m in Sources */ = {isa = PBXBuildFile; fileRef = 640C4E311623761E00E04266 /* main.m */; };
		640C4E361623761E00E04266 /* GPAppDelegate.m in Sources */ = {isa = PBXBuildFile; fileRef = 640C4E351623761E00E04266 /* GPAppDelegate.m */; };
		640C4E441623761E00E04266 /* SenTestingKit.framework in Frameworks */ = {isa = PBXBuildFile; fileRef = 640C4E431623761E00E04266 /* SenTestingKit.framework */; };
		640C4E451623761E00E04266 /* UIKit.framework in Frameworks */ = {isa = PBXBuildFile; fileRef = 640C4E251623761E00E04266 /* UIKit.framework */; };
		640C4E461623761E00E04266 /* Foundation.framework in Frameworks */ = {isa = PBXBuildFile; fileRef = 640C4E271623761E00E04266 /* Foundation.framework */; };
		640C4E4E1623761E00E04266 /* InfoPlist.strings in Resources */ = {isa = PBXBuildFile; fileRef = 640C4E4C1623761E00E04266 /* InfoPlist.strings */; };
		640C4E5D1623783600E04266 /* GPNearbyVenuesViewController.m in Sources */ = {isa = PBXBuildFile; fileRef = 640C4E5C1623783600E04266 /* GPNearbyVenuesViewController.m */; };
		640C4E5F16237B8B00E04266 /* MapKit.framework in Frameworks */ = {isa = PBXBuildFile; fileRef = 640C4E5E16237B8A00E04266 /* MapKit.framework */; };
		640C4ED61623875000E04266 /* MobileCoreServices.framework in Frameworks */ = {isa = PBXBuildFile; fileRef = 640C4ED41623873C00E04266 /* MobileCoreServices.framework */; };
		640C4ED71623875000E04266 /* SystemConfiguration.framework in Frameworks */ = {isa = PBXBuildFile; fileRef = 640C4ED21623873800E04266 /* SystemConfiguration.framework */; };
		640C4EDC1623891A00E04266 /* GPVenuesFetcher.m in Sources */ = {isa = PBXBuildFile; fileRef = 640C4EDA1623891A00E04266 /* GPVenuesFetcher.m */; };
		640C4EE21623897900E04266 /* GPVenuesFetcherTests.m in Sources */ = {isa = PBXBuildFile; fileRef = 640C4EDF1623897900E04266 /* GPVenuesFetcherTests.m */; };
		640C4EE61623898B00E04266 /* GPVenue.m in Sources */ = {isa = PBXBuildFile; fileRef = 640C4EE51623898B00E04266 /* GPVenue.m */; };
		640C4EE816238A2600E04266 /* CoreLocation.framework in Frameworks */ = {isa = PBXBuildFile; fileRef = 640C4EE716238A2600E04266 /* CoreLocation.framework */; };
		640C4EEA16238A7400E04266 /* GPVenueTests.m in Sources */ = {isa = PBXBuildFile; fileRef = 640C4EE916238A7400E04266 /* GPVenueTests.m */; };
		641B3DBF162625BF008F76F8 /* GPAuthHelpers.m in Sources */ = {isa = PBXBuildFile; fileRef = 641B3DBE162625BF008F76F8 /* GPAuthHelpers.m */; };
		641B3DC116262696008F76F8 /* Security.framework in Frameworks */ = {isa = PBXBuildFile; fileRef = 641B3DC016262696008F76F8 /* Security.framework */; };
		641B3DEA162626C7008F76F8 /* libstackmob-v1.0.1.a in Frameworks */ = {isa = PBXBuildFile; fileRef = 641B3DE8162626C7008F76F8 /* libstackmob-v1.0.1.a */; };
		641B3DF016262774008F76F8 /* CoreData.framework in Frameworks */ = {isa = PBXBuildFile; fileRef = 641B3DEF16262774008F76F8 /* CoreData.framework */; };
		641B3DF4162634FB008F76F8 /* MBProgressHUD.m in Sources */ = {isa = PBXBuildFile; fileRef = 641B3DF3162634FB008F76F8 /* MBProgressHUD.m */; };
		641B3DF8162638ED008F76F8 /* KISSMetricsAPI.m in Sources */ = {isa = PBXBuildFile; fileRef = 641B3DF7162638ED008F76F8 /* KISSMetricsAPI.m */; };
		6426FD9E1625F3F100C4D759 /* GPVenueDetailsViewController.m in Sources */ = {isa = PBXBuildFile; fileRef = 6426FD9D1625F3F100C4D759 /* GPVenueDetailsViewController.m */; };
		645C0BD916278EB300B9BEB0 /* green-nav-bar@2x.png in Resources */ = {isa = PBXBuildFile; fileRef = 645C0BD816278EB300B9BEB0 /* green-nav-bar@2x.png */; };
		645C0BDB16278EC100B9BEB0 /* gray-place-background@2x.png in Resources */ = {isa = PBXBuildFile; fileRef = 645C0BDA16278EC100B9BEB0 /* gray-place-background@2x.png */; };
		645C0BDD16278EE300B9BEB0 /* green-back-button@2x.png in Resources */ = {isa = PBXBuildFile; fileRef = 645C0BDC16278EE300B9BEB0 /* green-back-button@2x.png */; };
		645C0BE1162791ED00B9BEB0 /* gray-place-background.png in Resources */ = {isa = PBXBuildFile; fileRef = 645C0BDE162791ED00B9BEB0 /* gray-place-background.png */; };
		645C0BE2162791ED00B9BEB0 /* green-back-button.png in Resources */ = {isa = PBXBuildFile; fileRef = 645C0BDF162791ED00B9BEB0 /* green-back-button.png */; };
		645C0BE3162791ED00B9BEB0 /* green-nav-bar.png in Resources */ = {isa = PBXBuildFile; fileRef = 645C0BE0162791ED00B9BEB0 /* green-nav-bar.png */; };
		64C556771627F07F0081B6AC /* Icon.png in Resources */ = {isa = PBXBuildFile; fileRef = 645C0BBF16278C5B00B9BEB0 /* Icon.png */; };
		64C556781627F0820081B6AC /* Icon@2x.png in Resources */ = {isa = PBXBuildFile; fileRef = 645C0BC216278C5F00B9BEB0 /* Icon@2x.png */; };
		64C556791627F0890081B6AC /* Default.png in Resources */ = {isa = PBXBuildFile; fileRef = 645C0BC816278C9200B9BEB0 /* Default.png */; };
		64C5567A1627F08B0081B6AC /* Default@2x.png in Resources */ = {isa = PBXBuildFile; fileRef = 645C0BCA16278C9E00B9BEB0 /* Default@2x.png */; };
		64C5567B1627F08F0081B6AC /* Default-568h@2x.png in Resources */ = {isa = PBXBuildFile; fileRef = 645C0BCC16278CA200B9BEB0 /* Default-568h@2x.png */; };
		64C5567C1627F0950081B6AC /* Icon-72.png in Resources */ = {isa = PBXBuildFile; fileRef = 645C0BC416278C6900B9BEB0 /* Icon-72.png */; };
		64C5567D1627F0990081B6AC /* Icon-72@2x.png in Resources */ = {isa = PBXBuildFile; fileRef = 645C0BC616278C6C00B9BEB0 /* Icon-72@2x.png */; };
		64C5567E1627F09F0081B6AC /* Default-Portrait~ipad.png in Resources */ = {isa = PBXBuildFile; fileRef = 645C0BD016278DDA00B9BEB0 /* Default-Portrait~ipad.png */; };
		64C5567F1627F0A50081B6AC /* Default-Portrait@2x~ipad.png in Resources */ = {isa = PBXBuildFile; fileRef = 645C0BCE16278CDE00B9BEB0 /* Default-Portrait@2x~ipad.png */; };
		64C556801627F0A80081B6AC /* Default-Landscape~ipad.png in Resources */ = {isa = PBXBuildFile; fileRef = 645C0BD216278E0900B9BEB0 /* Default-Landscape~ipad.png */; };
		64C556811627F0B40081B6AC /* Default-Landscape@2x~ipad.png in Resources */ = {isa = PBXBuildFile; fileRef = 645C0BD416278E3400B9BEB0 /* Default-Landscape@2x~ipad.png */; };
		64C556841627F21C0081B6AC /* camera-icon.png in Resources */ = {isa = PBXBuildFile; fileRef = 64C556821627F21C0081B6AC /* camera-icon.png */; };
		64C556851627F21C0081B6AC /* camera-icon@2x.png in Resources */ = {isa = PBXBuildFile; fileRef = 64C556831627F21C0081B6AC /* camera-icon@2x.png */; };
		64C5568A1627F34A0081B6AC /* green-nav-button.png in Resources */ = {isa = PBXBuildFile; fileRef = 64C556881627F34A0081B6AC /* green-nav-button.png */; };
		64C5568B1627F34A0081B6AC /* green-nav-button@2x.png in Resources */ = {isa = PBXBuildFile; fileRef = 64C556891627F34A0081B6AC /* green-nav-button@2x.png */; };
		64D2DA7216276784002A9574 /* Localizable.strings in Resources */ = {isa = PBXBuildFile; fileRef = 64D2DA7016276784002A9574 /* Localizable.strings */; };
/* End PBXBuildFile section */

/* Begin PBXContainerItemProxy section */
		640C4E471623761E00E04266 /* PBXContainerItemProxy */ = {
			isa = PBXContainerItemProxy;
			containerPortal = 640C4E181623761E00E04266 /* Project object */;
			proxyType = 1;
			remoteGlobalIDString = 640C4E201623761E00E04266;
			remoteInfo = GeoPic;
		};
/* End PBXContainerItemProxy section */

/* Begin PBXFileReference section */
		64025CAD1628A40F003B72E3 /* camera-icon.png */ = {isa = PBXFileReference; lastKnownFileType = image.png; path = "camera-icon.png"; sourceTree = "<group>"; };
		64025CAE1628A40F003B72E3 /* camera-icon@2x.png */ = {isa = PBXFileReference; lastKnownFileType = image.png; path = "camera-icon@2x.png"; sourceTree = "<group>"; };
		640C4E211623761E00E04266 /* GeoPic.app */ = {isa = PBXFileReference; explicitFileType = wrapper.application; includeInIndex = 0; path = GeoPic.app; sourceTree = BUILT_PRODUCTS_DIR; };
		640C4E251623761E00E04266 /* UIKit.framework */ = {isa = PBXFileReference; lastKnownFileType = wrapper.framework; name = UIKit.framework; path = System/Library/Frameworks/UIKit.framework; sourceTree = SDKROOT; };
		640C4E271623761E00E04266 /* Foundation.framework */ = {isa = PBXFileReference; lastKnownFileType = wrapper.framework; name = Foundation.framework; path = System/Library/Frameworks/Foundation.framework; sourceTree = SDKROOT; };
		640C4E291623761E00E04266 /* CoreGraphics.framework */ = {isa = PBXFileReference; lastKnownFileType = wrapper.framework; name = CoreGraphics.framework; path = System/Library/Frameworks/CoreGraphics.framework; sourceTree = SDKROOT; };
		640C4E2D1623761E00E04266 /* GeoPic-Info.plist */ = {isa = PBXFileReference; lastKnownFileType = text.plist.xml; path = "GeoPic-Info.plist"; sourceTree = "<group>"; };
		640C4E2F1623761E00E04266 /* en */ = {isa = PBXFileReference; lastKnownFileType = text.plist.strings; name = en; path = en.lproj/InfoPlist.strings; sourceTree = "<group>"; };
		640C4E311623761E00E04266 /* main.m */ = {isa = PBXFileReference; lastKnownFileType = sourcecode.c.objc; path = main.m; sourceTree = "<group>"; };
		640C4E331623761E00E04266 /* GeoPic-Prefix.pch */ = {isa = PBXFileReference; lastKnownFileType = sourcecode.c.h; path = "GeoPic-Prefix.pch"; sourceTree = "<group>"; };
		640C4E341623761E00E04266 /* GPAppDelegate.h */ = {isa = PBXFileReference; lastKnownFileType = sourcecode.c.h; path = GPAppDelegate.h; sourceTree = "<group>"; };
		640C4E351623761E00E04266 /* GPAppDelegate.m */ = {isa = PBXFileReference; lastKnownFileType = sourcecode.c.objc; path = GPAppDelegate.m; sourceTree = "<group>"; };
		640C4E421623761E00E04266 /* GeoPicTests.octest */ = {isa = PBXFileReference; explicitFileType = wrapper.cfbundle; includeInIndex = 0; path = GeoPicTests.octest; sourceTree = BUILT_PRODUCTS_DIR; };
		640C4E431623761E00E04266 /* SenTestingKit.framework */ = {isa = PBXFileReference; lastKnownFileType = wrapper.framework; name = SenTestingKit.framework; path = Library/Frameworks/SenTestingKit.framework; sourceTree = DEVELOPER_DIR; };
		640C4E4B1623761E00E04266 /* GeoPicTests-Info.plist */ = {isa = PBXFileReference; lastKnownFileType = text.plist.xml; path = "GeoPicTests-Info.plist"; sourceTree = "<group>"; };
		640C4E4D1623761E00E04266 /* en */ = {isa = PBXFileReference; lastKnownFileType = text.plist.strings; name = en; path = en.lproj/InfoPlist.strings; sourceTree = "<group>"; };
		640C4E5B1623783600E04266 /* GPNearbyVenuesViewController.h */ = {isa = PBXFileReference; fileEncoding = 4; lastKnownFileType = sourcecode.c.h; name = GPNearbyVenuesViewController.h; path = ViewControllers/GPNearbyVenuesViewController.h; sourceTree = "<group>"; };
		640C4E5C1623783600E04266 /* GPNearbyVenuesViewController.m */ = {isa = PBXFileReference; fileEncoding = 4; lastKnownFileType = sourcecode.c.objc; name = GPNearbyVenuesViewController.m; path = ViewControllers/GPNearbyVenuesViewController.m; sourceTree = "<group>"; };
		640C4E5E16237B8A00E04266 /* MapKit.framework */ = {isa = PBXFileReference; lastKnownFileType = wrapper.framework; name = MapKit.framework; path = System/Library/Frameworks/MapKit.framework; sourceTree = SDKROOT; };
		640C4E601623850700E04266 /* DLog.h */ = {isa = PBXFileReference; lastKnownFileType = sourcecode.c.h; path = DLog.h; sourceTree = "<group>"; };
		640C4ED21623873800E04266 /* SystemConfiguration.framework */ = {isa = PBXFileReference; lastKnownFileType = wrapper.framework; name = SystemConfiguration.framework; path = System/Library/Frameworks/SystemConfiguration.framework; sourceTree = SDKROOT; };
		640C4ED41623873C00E04266 /* MobileCoreServices.framework */ = {isa = PBXFileReference; lastKnownFileType = wrapper.framework; name = MobileCoreServices.framework; path = System/Library/Frameworks/MobileCoreServices.framework; sourceTree = SDKROOT; };
		640C4ED91623891A00E04266 /* GPVenuesFetcher.h */ = {isa = PBXFileReference; fileEncoding = 4; lastKnownFileType = sourcecode.c.h; path = GPVenuesFetcher.h; sourceTree = "<group>"; };
		640C4EDA1623891A00E04266 /* GPVenuesFetcher.m */ = {isa = PBXFileReference; fileEncoding = 4; lastKnownFileType = sourcecode.c.objc; path = GPVenuesFetcher.m; sourceTree = "<group>"; };
		640C4EDB1623891A00E04266 /* GPVenuesFetcherDelegate.h */ = {isa = PBXFileReference; fileEncoding = 4; lastKnownFileType = sourcecode.c.h; path = GPVenuesFetcherDelegate.h; sourceTree = "<group>"; };
		640C4EDE1623897900E04266 /* GPVenuesFetcherTests.h */ = {isa = PBXFileReference; fileEncoding = 4; lastKnownFileType = sourcecode.c.h; path = GPVenuesFetcherTests.h; sourceTree = "<group>"; };
		640C4EDF1623897900E04266 /* GPVenuesFetcherTests.m */ = {isa = PBXFileReference; fileEncoding = 4; lastKnownFileType = sourcecode.c.objc; path = GPVenuesFetcherTests.m; sourceTree = "<group>"; };
		640C4EE01623897900E04266 /* GPVenueTests.h */ = {isa = PBXFileReference; fileEncoding = 4; lastKnownFileType = sourcecode.c.h; path = GPVenueTests.h; sourceTree = "<group>"; };
		640C4EE41623898B00E04266 /* GPVenue.h */ = {isa = PBXFileReference; fileEncoding = 4; lastKnownFileType = sourcecode.c.h; path = GPVenue.h; sourceTree = "<group>"; };
		640C4EE51623898B00E04266 /* GPVenue.m */ = {isa = PBXFileReference; fileEncoding = 4; lastKnownFileType = sourcecode.c.objc; path = GPVenue.m; sourceTree = "<group>"; };
		640C4EE716238A2600E04266 /* CoreLocation.framework */ = {isa = PBXFileReference; lastKnownFileType = wrapper.framework; name = CoreLocation.framework; path = System/Library/Frameworks/CoreLocation.framework; sourceTree = SDKROOT; };
		640C4EE916238A7400E04266 /* GPVenueTests.m */ = {isa = PBXFileReference; fileEncoding = 4; lastKnownFileType = sourcecode.c.objc; path = GPVenueTests.m; sourceTree = "<group>"; };
		641B3DBD162625BF008F76F8 /* GPAuthHelpers.h */ = {isa = PBXFileReference; fileEncoding = 4; lastKnownFileType = sourcecode.c.h; path = GPAuthHelpers.h; sourceTree = "<group>"; };
		641B3DBE162625BF008F76F8 /* GPAuthHelpers.m */ = {isa = PBXFileReference; fileEncoding = 4; lastKnownFileType = sourcecode.c.objc; path = GPAuthHelpers.m; sourceTree = "<group>"; };
		641B3DC016262696008F76F8 /* Security.framework */ = {isa = PBXFileReference; lastKnownFileType = wrapper.framework; name = Security.framework; path = System/Library/Frameworks/Security.framework; sourceTree = SDKROOT; };
		641B3DC3162626C7008F76F8 /* CHANGELOG.md */ = {isa = PBXFileReference; fileEncoding = 4; lastKnownFileType = text; path = CHANGELOG.md; sourceTree = "<group>"; };
		641B3DC5162626C7008F76F8 /* AFHTTPClient.h */ = {isa = PBXFileReference; fileEncoding = 4; lastKnownFileType = sourcecode.c.h; path = AFHTTPClient.h; sourceTree = "<group>"; };
		641B3DC6162626C7008F76F8 /* AFHTTPRequestOperation.h */ = {isa = PBXFileReference; fileEncoding = 4; lastKnownFileType = sourcecode.c.h; path = AFHTTPRequestOperation.h; sourceTree = "<group>"; };
		641B3DC7162626C7008F76F8 /* AFImageRequestOperation.h */ = {isa = PBXFileReference; fileEncoding = 4; lastKnownFileType = sourcecode.c.h; path = AFImageRequestOperation.h; sourceTree = "<group>"; };
		641B3DC8162626C7008F76F8 /* AFJSONRequestOperation.h */ = {isa = PBXFileReference; fileEncoding = 4; lastKnownFileType = sourcecode.c.h; path = AFJSONRequestOperation.h; sourceTree = "<group>"; };
		641B3DC9162626C7008F76F8 /* AFJSONUtilities.h */ = {isa = PBXFileReference; fileEncoding = 4; lastKnownFileType = sourcecode.c.h; path = AFJSONUtilities.h; sourceTree = "<group>"; };
		641B3DCA162626C7008F76F8 /* AFNetworkActivityIndicatorManager.h */ = {isa = PBXFileReference; fileEncoding = 4; lastKnownFileType = sourcecode.c.h; path = AFNetworkActivityIndicatorManager.h; sourceTree = "<group>"; };
		641B3DCB162626C7008F76F8 /* AFNetworking.h */ = {isa = PBXFileReference; fileEncoding = 4; lastKnownFileType = sourcecode.c.h; path = AFNetworking.h; sourceTree = "<group>"; };
		641B3DCC162626C7008F76F8 /* AFPropertyListRequestOperation.h */ = {isa = PBXFileReference; fileEncoding = 4; lastKnownFileType = sourcecode.c.h; path = AFPropertyListRequestOperation.h; sourceTree = "<group>"; };
		641B3DCD162626C7008F76F8 /* AFURLConnectionOperation.h */ = {isa = PBXFileReference; fileEncoding = 4; lastKnownFileType = sourcecode.c.h; path = AFURLConnectionOperation.h; sourceTree = "<group>"; };
		641B3DCE162626C7008F76F8 /* AFXMLRequestOperation.h */ = {isa = PBXFileReference; fileEncoding = 4; lastKnownFileType = sourcecode.c.h; path = AFXMLRequestOperation.h; sourceTree = "<group>"; };
		641B3DCF162626C7008F76F8 /* Base64EncodedStringFromData.h */ = {isa = PBXFileReference; fileEncoding = 4; lastKnownFileType = sourcecode.c.h; path = Base64EncodedStringFromData.h; sourceTree = "<group>"; };
		641B3DD0162626C7008F76F8 /* NSArray+Enumerable.h */ = {isa = PBXFileReference; fileEncoding = 4; lastKnownFileType = sourcecode.c.h; path = "NSArray+Enumerable.h"; sourceTree = "<group>"; };
		641B3DD1162626C7008F76F8 /* NSDictionary+AtomicCounter.h */ = {isa = PBXFileReference; fileEncoding = 4; lastKnownFileType = sourcecode.c.h; path = "NSDictionary+AtomicCounter.h"; sourceTree = "<group>"; };
		641B3DD2162626C7008F76F8 /* NSEntityDescription+StackMobSerialization.h */ = {isa = PBXFileReference; fileEncoding = 4; lastKnownFileType = sourcecode.c.h; path = "NSEntityDescription+StackMobSerialization.h"; sourceTree = "<group>"; };
		641B3DD3162626C7008F76F8 /* NSManagedObject+StackMobSerialization.h */ = {isa = PBXFileReference; fileEncoding = 4; lastKnownFileType = sourcecode.c.h; path = "NSManagedObject+StackMobSerialization.h"; sourceTree = "<group>"; };
		641B3DD4162626C7008F76F8 /* SMBinaryDataConversion.h */ = {isa = PBXFileReference; fileEncoding = 4; lastKnownFileType = sourcecode.c.h; path = SMBinaryDataConversion.h; sourceTree = "<group>"; };
		641B3DD5162626C7008F76F8 /* SMClient.h */ = {isa = PBXFileReference; fileEncoding = 4; lastKnownFileType = sourcecode.c.h; path = SMClient.h; sourceTree = "<group>"; };
		641B3DD6162626C7008F76F8 /* SMCoreDataStore.h */ = {isa = PBXFileReference; fileEncoding = 4; lastKnownFileType = sourcecode.c.h; path = SMCoreDataStore.h; sourceTree = "<group>"; };
		641B3DD7162626C7008F76F8 /* SMCustomCodeRequest.h */ = {isa = PBXFileReference; fileEncoding = 4; lastKnownFileType = sourcecode.c.h; path = SMCustomCodeRequest.h; sourceTree = "<group>"; };
		641B3DD8162626C7008F76F8 /* SMDataStore+Protected.h */ = {isa = PBXFileReference; fileEncoding = 4; lastKnownFileType = sourcecode.c.h; path = "SMDataStore+Protected.h"; sourceTree = "<group>"; };
		641B3DD9162626C7008F76F8 /* SMDataStore.h */ = {isa = PBXFileReference; fileEncoding = 4; lastKnownFileType = sourcecode.c.h; path = SMDataStore.h; sourceTree = "<group>"; };
		641B3DDA162626C7008F76F8 /* SMError.h */ = {isa = PBXFileReference; fileEncoding = 4; lastKnownFileType = sourcecode.c.h; path = SMError.h; sourceTree = "<group>"; };
		641B3DDB162626C7008F76F8 /* SMIncrementalStore+Query.h */ = {isa = PBXFileReference; fileEncoding = 4; lastKnownFileType = sourcecode.c.h; path = "SMIncrementalStore+Query.h"; sourceTree = "<group>"; };
		641B3DDC162626C7008F76F8 /* SMIncrementalStore.h */ = {isa = PBXFileReference; fileEncoding = 4; lastKnownFileType = sourcecode.c.h; path = SMIncrementalStore.h; sourceTree = "<group>"; };
		641B3DDD162626C7008F76F8 /* SMJSONRequestOperation.h */ = {isa = PBXFileReference; fileEncoding = 4; lastKnownFileType = sourcecode.c.h; path = SMJSONRequestOperation.h; sourceTree = "<group>"; };
		641B3DDE162626C7008F76F8 /* SMModel.h */ = {isa = PBXFileReference; fileEncoding = 4; lastKnownFileType = sourcecode.c.h; path = SMModel.h; sourceTree = "<group>"; };
		641B3DDF162626C7008F76F8 /* SMOAuth2Client.h */ = {isa = PBXFileReference; fileEncoding = 4; lastKnownFileType = sourcecode.c.h; path = SMOAuth2Client.h; sourceTree = "<group>"; };
		641B3DE0162626C7008F76F8 /* SMQuery.h */ = {isa = PBXFileReference; fileEncoding = 4; lastKnownFileType = sourcecode.c.h; path = SMQuery.h; sourceTree = "<group>"; };
		641B3DE1162626C7008F76F8 /* SMRequestOptions.h */ = {isa = PBXFileReference; fileEncoding = 4; lastKnownFileType = sourcecode.c.h; path = SMRequestOptions.h; sourceTree = "<group>"; };
		641B3DE2162626C7008F76F8 /* SMResponseBlocks.h */ = {isa = PBXFileReference; fileEncoding = 4; lastKnownFileType = sourcecode.c.h; path = SMResponseBlocks.h; sourceTree = "<group>"; };
		641B3DE3162626C7008F76F8 /* SMUserSession.h */ = {isa = PBXFileReference; fileEncoding = 4; lastKnownFileType = sourcecode.c.h; path = SMUserSession.h; sourceTree = "<group>"; };
		641B3DE4162626C7008F76F8 /* SMVersion.h */ = {isa = PBXFileReference; fileEncoding = 4; lastKnownFileType = sourcecode.c.h; path = SMVersion.h; sourceTree = "<group>"; };
		641B3DE5162626C7008F76F8 /* StackMob.h */ = {isa = PBXFileReference; fileEncoding = 4; lastKnownFileType = sourcecode.c.h; path = StackMob.h; sourceTree = "<group>"; };
		641B3DE6162626C7008F76F8 /* Synchronization.h */ = {isa = PBXFileReference; fileEncoding = 4; lastKnownFileType = sourcecode.c.h; path = Synchronization.h; sourceTree = "<group>"; };
		641B3DE7162626C7008F76F8 /* UIImageView+AFNetworking.h */ = {isa = PBXFileReference; fileEncoding = 4; lastKnownFileType = sourcecode.c.h; path = "UIImageView+AFNetworking.h"; sourceTree = "<group>"; };
		641B3DE8162626C7008F76F8 /* libstackmob-v1.0.1.a */ = {isa = PBXFileReference; lastKnownFileType = archive.ar; path = "libstackmob-v1.0.1.a"; sourceTree = "<group>"; };
		641B3DEF16262774008F76F8 /* CoreData.framework */ = {isa = PBXFileReference; lastKnownFileType = wrapper.framework; name = CoreData.framework; path = System/Library/Frameworks/CoreData.framework; sourceTree = SDKROOT; };
		641B3DF2162634FB008F76F8 /* MBProgressHUD.h */ = {isa = PBXFileReference; fileEncoding = 4; lastKnownFileType = sourcecode.c.h; path = MBProgressHUD.h; sourceTree = "<group>"; };
		641B3DF3162634FB008F76F8 /* MBProgressHUD.m */ = {isa = PBXFileReference; fileEncoding = 4; lastKnownFileType = sourcecode.c.objc; path = MBProgressHUD.m; sourceTree = "<group>"; };
		641B3DF6162638ED008F76F8 /* KISSMetricsAPI.h */ = {isa = PBXFileReference; fileEncoding = 4; lastKnownFileType = sourcecode.c.h; path = KISSMetricsAPI.h; sourceTree = "<group>"; };
		641B3DF7162638ED008F76F8 /* KISSMetricsAPI.m */ = {isa = PBXFileReference; fileEncoding = 4; lastKnownFileType = sourcecode.c.objc; path = KISSMetricsAPI.m; sourceTree = "<group>"; };
		6426FD9C1625F3F100C4D759 /* GPVenueDetailsViewController.h */ = {isa = PBXFileReference; fileEncoding = 4; lastKnownFileType = sourcecode.c.h; name = GPVenueDetailsViewController.h; path = ViewControllers/GPVenueDetailsViewController.h; sourceTree = "<group>"; };
		6426FD9D1625F3F100C4D759 /* GPVenueDetailsViewController.m */ = {isa = PBXFileReference; fileEncoding = 4; lastKnownFileType = sourcecode.c.objc; name = GPVenueDetailsViewController.m; path = ViewControllers/GPVenueDetailsViewController.m; sourceTree = "<group>"; };
		645C0BBF16278C5B00B9BEB0 /* Icon.png */ = {isa = PBXFileReference; lastKnownFileType = image.png; path = Icon.png; sourceTree = "<group>"; };
		645C0BC216278C5F00B9BEB0 /* Icon@2x.png */ = {isa = PBXFileReference; lastKnownFileType = image.png; path = "Icon@2x.png"; sourceTree = "<group>"; };
		645C0BC416278C6900B9BEB0 /* Icon-72.png */ = {isa = PBXFileReference; lastKnownFileType = image.png; path = "Icon-72.png"; sourceTree = "<group>"; };
		645C0BC616278C6C00B9BEB0 /* Icon-72@2x.png */ = {isa = PBXFileReference; lastKnownFileType = image.png; path = "Icon-72@2x.png"; sourceTree = "<group>"; };
		645C0BC816278C9200B9BEB0 /* Default.png */ = {isa = PBXFileReference; lastKnownFileType = image.png; path = Default.png; sourceTree = "<group>"; };
		645C0BCA16278C9E00B9BEB0 /* Default@2x.png */ = {isa = PBXFileReference; lastKnownFileType = image.png; path = "Default@2x.png"; sourceTree = "<group>"; };
		645C0BCC16278CA200B9BEB0 /* Default-568h@2x.png */ = {isa = PBXFileReference; lastKnownFileType = image.png; path = "Default-568h@2x.png"; sourceTree = "<group>"; };
		645C0BCE16278CDE00B9BEB0 /* Default-Portrait@2x~ipad.png */ = {isa = PBXFileReference; lastKnownFileType = image.png; path = "Default-Portrait@2x~ipad.png"; sourceTree = "<group>"; };
		645C0BD016278DDA00B9BEB0 /* Default-Portrait~ipad.png */ = {isa = PBXFileReference; lastKnownFileType = image.png; path = "Default-Portrait~ipad.png"; sourceTree = "<group>"; };
		645C0BD216278E0900B9BEB0 /* Default-Landscape~ipad.png */ = {isa = PBXFileReference; lastKnownFileType = image.png; path = "Default-Landscape~ipad.png"; sourceTree = "<group>"; };
		645C0BD416278E3400B9BEB0 /* Default-Landscape@2x~ipad.png */ = {isa = PBXFileReference; lastKnownFileType = image.png; path = "Default-Landscape@2x~ipad.png"; sourceTree = "<group>"; };
		645C0BD816278EB300B9BEB0 /* green-nav-bar@2x.png */ = {isa = PBXFileReference; lastKnownFileType = image.png; name = "green-nav-bar@2x.png"; path = "Skin/green-nav-bar@2x.png"; sourceTree = "<group>"; };
		645C0BDA16278EC100B9BEB0 /* gray-place-background@2x.png */ = {isa = PBXFileReference; lastKnownFileType = image.png; name = "gray-place-background@2x.png"; path = "Skin/gray-place-background@2x.png"; sourceTree = "<group>"; };
		645C0BDC16278EE300B9BEB0 /* green-back-button@2x.png */ = {isa = PBXFileReference; lastKnownFileType = image.png; name = "green-back-button@2x.png"; path = "Skin/green-back-button@2x.png"; sourceTree = "<group>"; };
		645C0BDE162791ED00B9BEB0 /* gray-place-background.png */ = {isa = PBXFileReference; lastKnownFileType = image.png; name = "gray-place-background.png"; path = "Skin/gray-place-background.png"; sourceTree = "<group>"; };
		645C0BDF162791ED00B9BEB0 /* green-back-button.png */ = {isa = PBXFileReference; lastKnownFileType = image.png; name = "green-back-button.png"; path = "Skin/green-back-button.png"; sourceTree = "<group>"; };
		645C0BE0162791ED00B9BEB0 /* green-nav-bar.png */ = {isa = PBXFileReference; lastKnownFileType = image.png; name = "green-nav-bar.png"; path = "Skin/green-nav-bar.png"; sourceTree = "<group>"; };
		649CE9D31624F2FB0027FBC7 /* Dev.xcconfig */ = {isa = PBXFileReference; lastKnownFileType = text.xcconfig; name = Dev.xcconfig; path = GeoPic/Dev.xcconfig; sourceTree = "<group>"; };
		649CE9D41624F3160027FBC7 /* Prod.xcconfig */ = {isa = PBXFileReference; lastKnownFileType = text.xcconfig; name = Prod.xcconfig; path = GeoPic/Prod.xcconfig; sourceTree = "<group>"; };
		64C556821627F21C0081B6AC /* camera-icon.png */ = {isa = PBXFileReference; lastKnownFileType = image.png; name = "camera-icon.png"; path = "Skin/camera-icon.png"; sourceTree = "<group>"; };
		64C556831627F21C0081B6AC /* camera-icon@2x.png */ = {isa = PBXFileReference; lastKnownFileType = image.png; name = "camera-icon@2x.png"; path = "Skin/camera-icon@2x.png"; sourceTree = "<group>"; };
		64C556881627F34A0081B6AC /* green-nav-button.png */ = {isa = PBXFileReference; lastKnownFileType = image.png; name = "green-nav-button.png"; path = "Skin/green-nav-button.png"; sourceTree = "<group>"; };
		64C556891627F34A0081B6AC /* green-nav-button@2x.png */ = {isa = PBXFileReference; lastKnownFileType = image.png; name = "green-nav-button@2x.png"; path = "Skin/green-nav-button@2x.png"; sourceTree = "<group>"; };
		64D2DA7116276784002A9574 /* es */ = {isa = PBXFileReference; lastKnownFileType = text.plist.strings; name = es; path = es.lproj/Localizable.strings; sourceTree = "<group>"; };
/* End PBXFileReference section */

/* Begin PBXFrameworksBuildPhase section */
		640C4E1E1623761E00E04266 /* Frameworks */ = {
			isa = PBXFrameworksBuildPhase;
			buildActionMask = 2147483647;
			files = (
				641B3DF016262774008F76F8 /* CoreData.framework in Frameworks */,
				641B3DC116262696008F76F8 /* Security.framework in Frameworks */,
				640C4EE816238A2600E04266 /* CoreLocation.framework in Frameworks */,
				640C4E5F16237B8B00E04266 /* MapKit.framework in Frameworks */,
				640C4E261623761E00E04266 /* UIKit.framework in Frameworks */,
				640C4E281623761E00E04266 /* Foundation.framework in Frameworks */,
				640C4E2A1623761E00E04266 /* CoreGraphics.framework in Frameworks */,
				640C4ED61623875000E04266 /* MobileCoreServices.framework in Frameworks */,
				640C4ED71623875000E04266 /* SystemConfiguration.framework in Frameworks */,
				641B3DEA162626C7008F76F8 /* libstackmob-v1.0.1.a in Frameworks */,
			);
			runOnlyForDeploymentPostprocessing = 0;
		};
		640C4E3E1623761E00E04266 /* Frameworks */ = {
			isa = PBXFrameworksBuildPhase;
			buildActionMask = 2147483647;
			files = (
				640C4E441623761E00E04266 /* SenTestingKit.framework in Frameworks */,
				640C4E451623761E00E04266 /* UIKit.framework in Frameworks */,
				640C4E461623761E00E04266 /* Foundation.framework in Frameworks */,
			);
			runOnlyForDeploymentPostprocessing = 0;
		};
/* End PBXFrameworksBuildPhase section */

/* Begin PBXGroup section */
		640C4E161623761E00E04266 = {
			isa = PBXGroup;
			children = (
				649CE9D41624F3160027FBC7 /* Prod.xcconfig */,
				649CE9D31624F2FB0027FBC7 /* Dev.xcconfig */,
				645C0BD416278E3400B9BEB0 /* Default-Landscape@2x~ipad.png */,
				645C0BD216278E0900B9BEB0 /* Default-Landscape~ipad.png */,
				645C0BD016278DDA00B9BEB0 /* Default-Portrait~ipad.png */,
				645C0BCE16278CDE00B9BEB0 /* Default-Portrait@2x~ipad.png */,
				645C0BCC16278CA200B9BEB0 /* Default-568h@2x.png */,
				645C0BCA16278C9E00B9BEB0 /* Default@2x.png */,
				645C0BC816278C9200B9BEB0 /* Default.png */,
				645C0BC616278C6C00B9BEB0 /* Icon-72@2x.png */,
				645C0BC216278C5F00B9BEB0 /* Icon@2x.png */,
				645C0BC416278C6900B9BEB0 /* Icon-72.png */,
				645C0BBF16278C5B00B9BEB0 /* Icon.png */,
				640C4E2B1623761E00E04266 /* GeoPic */,
				640C4E491623761E00E04266 /* GeoPicTests */,
				640C4E241623761E00E04266 /* Frameworks */,
				640C4E221623761E00E04266 /* Products */,
			);
			sourceTree = "<group>";
		};
		640C4E221623761E00E04266 /* Products */ = {
			isa = PBXGroup;
			children = (
				640C4E211623761E00E04266 /* GeoPic.app */,
				640C4E421623761E00E04266 /* GeoPicTests.octest */,
			);
			name = Products;
			sourceTree = "<group>";
		};
		640C4E241623761E00E04266 /* Frameworks */ = {
			isa = PBXGroup;
			children = (
				641B3DEF16262774008F76F8 /* CoreData.framework */,
				641B3DC016262696008F76F8 /* Security.framework */,
				640C4EE716238A2600E04266 /* CoreLocation.framework */,
				640C4ED41623873C00E04266 /* MobileCoreServices.framework */,
				640C4ED21623873800E04266 /* SystemConfiguration.framework */,
				640C4E5E16237B8A00E04266 /* MapKit.framework */,
				640C4E251623761E00E04266 /* UIKit.framework */,
				640C4E271623761E00E04266 /* Foundation.framework */,
				640C4E291623761E00E04266 /* CoreGraphics.framework */,
				640C4E431623761E00E04266 /* SenTestingKit.framework */,
			);
			name = Frameworks;
			sourceTree = "<group>";
		};
		640C4E2B1623761E00E04266 /* GeoPic */ = {
			isa = PBXGroup;
			children = (
				645C0BD616278E5E00B9BEB0 /* Skin */,
				641B3DF5162638EC008F76F8 /* KISSmetrics */,
				641B3DF1162634FB008F76F8 /* MBProgressHUD */,
				641B3DC2162626C7008F76F8 /* StackMob-v1.0.1 */,
				640C4ED8162388F500E04266 /* Foursquare */,
				640C4E5A162377E500E04266 /* ViewControllers */,
				640C4E341623761E00E04266 /* GPAppDelegate.h */,
				640C4E351623761E00E04266 /* GPAppDelegate.m */,
				640C4E2C1623761E00E04266 /* Supporting Files */,
				640C4E601623850700E04266 /* DLog.h */,
				641B3DBD162625BF008F76F8 /* GPAuthHelpers.h */,
				641B3DBE162625BF008F76F8 /* GPAuthHelpers.m */,
			);
			path = GeoPic;
			sourceTree = "<group>";
		};
		640C4E2C1623761E00E04266 /* Supporting Files */ = {
			isa = PBXGroup;
			children = (
				6473B431162769DE00E4B950 /* es.lproj */,
				640C4E2D1623761E00E04266 /* GeoPic-Info.plist */,
				640C4E2E1623761E00E04266 /* InfoPlist.strings */,
				640C4E311623761E00E04266 /* main.m */,
				640C4E331623761E00E04266 /* GeoPic-Prefix.pch */,
			);
			name = "Supporting Files";
			sourceTree = "<group>";
		};
		640C4E491623761E00E04266 /* GeoPicTests */ = {
			isa = PBXGroup;
			children = (
				640C4EDD1623896200E04266 /* Foursquare */,
				640C4E4A1623761E00E04266 /* Supporting Files */,
			);
			path = GeoPicTests;
			sourceTree = "<group>";
		};
		640C4E4A1623761E00E04266 /* Supporting Files */ = {
			isa = PBXGroup;
			children = (
				640C4E4B1623761E00E04266 /* GeoPicTests-Info.plist */,
				640C4E4C1623761E00E04266 /* InfoPlist.strings */,
			);
			name = "Supporting Files";
			sourceTree = "<group>";
		};
		640C4E5A162377E500E04266 /* ViewControllers */ = {
			isa = PBXGroup;
			children = (
				640C4E5B1623783600E04266 /* GPNearbyVenuesViewController.h */,
				640C4E5C1623783600E04266 /* GPNearbyVenuesViewController.m */,
				6426FD9C1625F3F100C4D759 /* GPVenueDetailsViewController.h */,
				6426FD9D1625F3F100C4D759 /* GPVenueDetailsViewController.m */,
			);
			name = ViewControllers;
			sourceTree = "<group>";
		};
		640C4ED8162388F500E04266 /* Foursquare */ = {
			isa = PBXGroup;
			children = (
				640C4EE41623898B00E04266 /* GPVenue.h */,
				640C4EE51623898B00E04266 /* GPVenue.m */,
				640C4ED91623891A00E04266 /* GPVenuesFetcher.h */,
				640C4EDA1623891A00E04266 /* GPVenuesFetcher.m */,
				640C4EDB1623891A00E04266 /* GPVenuesFetcherDelegate.h */,
			);
			name = Foursquare;
			sourceTree = "<group>";
		};
		640C4EDD1623896200E04266 /* Foursquare */ = {
			isa = PBXGroup;
			children = (
				640C4EDE1623897900E04266 /* GPVenuesFetcherTests.h */,
				640C4EDF1623897900E04266 /* GPVenuesFetcherTests.m */,
				640C4EE01623897900E04266 /* GPVenueTests.h */,
				640C4EE916238A7400E04266 /* GPVenueTests.m */,
			);
			name = Foursquare;
			sourceTree = "<group>";
		};
		641B3DC2162626C7008F76F8 /* StackMob-v1.0.1 */ = {
			isa = PBXGroup;
			children = (
				641B3DC3162626C7008F76F8 /* CHANGELOG.md */,
				641B3DC4162626C7008F76F8 /* Headers */,
				641B3DE8162626C7008F76F8 /* libstackmob-v1.0.1.a */,
			);
			path = "StackMob-v1.0.1";
			sourceTree = "<group>";
		};
		641B3DC4162626C7008F76F8 /* Headers */ = {
			isa = PBXGroup;
			children = (
				641B3DC5162626C7008F76F8 /* AFHTTPClient.h */,
				641B3DC6162626C7008F76F8 /* AFHTTPRequestOperation.h */,
				641B3DC7162626C7008F76F8 /* AFImageRequestOperation.h */,
				641B3DC8162626C7008F76F8 /* AFJSONRequestOperation.h */,
				641B3DC9162626C7008F76F8 /* AFJSONUtilities.h */,
				641B3DCA162626C7008F76F8 /* AFNetworkActivityIndicatorManager.h */,
				641B3DCB162626C7008F76F8 /* AFNetworking.h */,
				641B3DCC162626C7008F76F8 /* AFPropertyListRequestOperation.h */,
				641B3DCD162626C7008F76F8 /* AFURLConnectionOperation.h */,
				641B3DCE162626C7008F76F8 /* AFXMLRequestOperation.h */,
				641B3DCF162626C7008F76F8 /* Base64EncodedStringFromData.h */,
				641B3DD0162626C7008F76F8 /* NSArray+Enumerable.h */,
				641B3DD1162626C7008F76F8 /* NSDictionary+AtomicCounter.h */,
				641B3DD2162626C7008F76F8 /* NSEntityDescription+StackMobSerialization.h */,
				641B3DD3162626C7008F76F8 /* NSManagedObject+StackMobSerialization.h */,
				641B3DD4162626C7008F76F8 /* SMBinaryDataConversion.h */,
				641B3DD5162626C7008F76F8 /* SMClient.h */,
				641B3DD6162626C7008F76F8 /* SMCoreDataStore.h */,
				641B3DD7162626C7008F76F8 /* SMCustomCodeRequest.h */,
				641B3DD8162626C7008F76F8 /* SMDataStore+Protected.h */,
				641B3DD9162626C7008F76F8 /* SMDataStore.h */,
				641B3DDA162626C7008F76F8 /* SMError.h */,
				641B3DDB162626C7008F76F8 /* SMIncrementalStore+Query.h */,
				641B3DDC162626C7008F76F8 /* SMIncrementalStore.h */,
				641B3DDD162626C7008F76F8 /* SMJSONRequestOperation.h */,
				641B3DDE162626C7008F76F8 /* SMModel.h */,
				641B3DDF162626C7008F76F8 /* SMOAuth2Client.h */,
				641B3DE0162626C7008F76F8 /* SMQuery.h */,
				641B3DE1162626C7008F76F8 /* SMRequestOptions.h */,
				641B3DE2162626C7008F76F8 /* SMResponseBlocks.h */,
				641B3DE3162626C7008F76F8 /* SMUserSession.h */,
				641B3DE4162626C7008F76F8 /* SMVersion.h */,
				641B3DE5162626C7008F76F8 /* StackMob.h */,
				641B3DE6162626C7008F76F8 /* Synchronization.h */,
				641B3DE7162626C7008F76F8 /* UIImageView+AFNetworking.h */,
			);
			path = Headers;
			sourceTree = "<group>";
		};
		641B3DF1162634FB008F76F8 /* MBProgressHUD */ = {
			isa = PBXGroup;
			children = (
				641B3DF2162634FB008F76F8 /* MBProgressHUD.h */,
				641B3DF3162634FB008F76F8 /* MBProgressHUD.m */,
			);
			path = MBProgressHUD;
			sourceTree = "<group>";
		};
		641B3DF5162638EC008F76F8 /* KISSmetrics */ = {
			isa = PBXGroup;
			children = (
				641B3DF6162638ED008F76F8 /* KISSMetricsAPI.h */,
				641B3DF7162638ED008F76F8 /* KISSMetricsAPI.m */,
			);
			path = KISSmetrics;
			sourceTree = "<group>";
		};
		645C0BD616278E5E00B9BEB0 /* Skin */ = {
			isa = PBXGroup;
			children = (
				64C556881627F34A0081B6AC /* green-nav-button.png */,
				64C556891627F34A0081B6AC /* green-nav-button@2x.png */,
				64C556821627F21C0081B6AC /* camera-icon.png */,
				64C556831627F21C0081B6AC /* camera-icon@2x.png */,
				645C0BDE162791ED00B9BEB0 /* gray-place-background.png */,
				645C0BDF162791ED00B9BEB0 /* green-back-button.png */,
				645C0BE0162791ED00B9BEB0 /* green-nav-bar.png */,
				645C0BDC16278EE300B9BEB0 /* green-back-button@2x.png */,
				645C0BDA16278EC100B9BEB0 /* gray-place-background@2x.png */,
				645C0BD816278EB300B9BEB0 /* green-nav-bar@2x.png */,
				64025CAD1628A40F003B72E3 /* camera-icon.png */,
				64025CAE1628A40F003B72E3 /* camera-icon@2x.png */,
			);
			name = Skin;
			sourceTree = "<group>";
		};
		6473B431162769DE00E4B950 /* es.lproj */ = {
			isa = PBXGroup;
			children = (
				64D2DA7016276784002A9574 /* Localizable.strings */,
			);
			name = es.lproj;
			sourceTree = "<group>";
		};
/* End PBXGroup section */

/* Begin PBXNativeTarget section */
		640C4E201623761E00E04266 /* GeoPic */ = {
			isa = PBXNativeTarget;
			buildConfigurationList = 640C4E541623761E00E04266 /* Build configuration list for PBXNativeTarget "GeoPic" */;
			buildPhases = (
				640C4E1D1623761E00E04266 /* Sources */,
				640C4E1E1623761E00E04266 /* Frameworks */,
				640C4E1F1623761E00E04266 /* Resources */,
			);
			buildRules = (
			);
			dependencies = (
			);
			name = GeoPic;
			productName = GeoPic;
			productReference = 640C4E211623761E00E04266 /* GeoPic.app */;
			productType = "com.apple.product-type.application";
		};
		640C4E411623761E00E04266 /* GeoPicTests */ = {
			isa = PBXNativeTarget;
			buildConfigurationList = 640C4E571623761E00E04266 /* Build configuration list for PBXNativeTarget "GeoPicTests" */;
			buildPhases = (
				640C4E3D1623761E00E04266 /* Sources */,
				640C4E3E1623761E00E04266 /* Frameworks */,
				640C4E3F1623761E00E04266 /* Resources */,
				640C4E401623761E00E04266 /* ShellScript */,
			);
			buildRules = (
			);
			dependencies = (
				640C4E481623761E00E04266 /* PBXTargetDependency */,
			);
			name = GeoPicTests;
			productName = GeoPicTests;
			productReference = 640C4E421623761E00E04266 /* GeoPicTests.octest */;
			productType = "com.apple.product-type.bundle";
		};
/* End PBXNativeTarget section */

/* Begin PBXProject section */
		640C4E181623761E00E04266 /* Project object */ = {
			isa = PBXProject;
			attributes = {
				CLASSPREFIX = GP;
				LastUpgradeCheck = 0450;
				ORGANIZATIONNAME = "Palomino Labs, Inc.";
			};
			buildConfigurationList = 640C4E1B1623761E00E04266 /* Build configuration list for PBXProject "GeoPic" */;
			compatibilityVersion = "Xcode 3.2";
			developmentRegion = English;
			hasScannedForEncodings = 0;
			knownRegions = (
				en,
				es,
			);
			mainGroup = 640C4E161623761E00E04266;
			productRefGroup = 640C4E221623761E00E04266 /* Products */;
			projectDirPath = "";
			projectRoot = "";
			targets = (
				640C4E201623761E00E04266 /* GeoPic */,
				640C4E411623761E00E04266 /* GeoPicTests */,
			);
		};
/* End PBXProject section */

/* Begin PBXResourcesBuildPhase section */
		640C4E1F1623761E00E04266 /* Resources */ = {
			isa = PBXResourcesBuildPhase;
			buildActionMask = 2147483647;
			files = (
				640C4E301623761E00E04266 /* InfoPlist.strings in Resources */,
				64025CAF1628A40F003B72E3 /* camera-icon.png in Resources */,
				64025CB01628A40F003B72E3 /* camera-icon@2x.png in Resources */,
				64D2DA7216276784002A9574 /* Localizable.strings in Resources */,
				645C0BD916278EB300B9BEB0 /* green-nav-bar@2x.png in Resources */,
				645C0BDB16278EC100B9BEB0 /* gray-place-background@2x.png in Resources */,
				645C0BDD16278EE300B9BEB0 /* green-back-button@2x.png in Resources */,
				645C0BE1162791ED00B9BEB0 /* gray-place-background.png in Resources */,
				645C0BE2162791ED00B9BEB0 /* green-back-button.png in Resources */,
				645C0BE3162791ED00B9BEB0 /* green-nav-bar.png in Resources */,
				64C556771627F07F0081B6AC /* Icon.png in Resources */,
				64C556781627F0820081B6AC /* Icon@2x.png in Resources */,
				64C556791627F0890081B6AC /* Default.png in Resources */,
				64C5567A1627F08B0081B6AC /* Default@2x.png in Resources */,
				64C5567B1627F08F0081B6AC /* Default-568h@2x.png in Resources */,
				64C5567C1627F0950081B6AC /* Icon-72.png in Resources */,
				64C5567D1627F0990081B6AC /* Icon-72@2x.png in Resources */,
				64C5567E1627F09F0081B6AC /* Default-Portrait~ipad.png in Resources */,
				64C5567F1627F0A50081B6AC /* Default-Portrait@2x~ipad.png in Resources */,
				64C556801627F0A80081B6AC /* Default-Landscape~ipad.png in Resources */,
				64C556811627F0B40081B6AC /* Default-Landscape@2x~ipad.png in Resources */,
				64C556841627F21C0081B6AC /* camera-icon.png in Resources */,
				64C556851627F21C0081B6AC /* camera-icon@2x.png in Resources */,
				64C5568A1627F34A0081B6AC /* green-nav-button.png in Resources */,
				64C5568B1627F34A0081B6AC /* green-nav-button@2x.png in Resources */,
			);
			runOnlyForDeploymentPostprocessing = 0;
		};
		640C4E3F1623761E00E04266 /* Resources */ = {
			isa = PBXResourcesBuildPhase;
			buildActionMask = 2147483647;
			files = (
				640C4E4E1623761E00E04266 /* InfoPlist.strings in Resources */,
			);
			runOnlyForDeploymentPostprocessing = 0;
		};
/* End PBXResourcesBuildPhase section */

/* Begin PBXShellScriptBuildPhase section */
		640C4E401623761E00E04266 /* ShellScript */ = {
			isa = PBXShellScriptBuildPhase;
			buildActionMask = 2147483647;
			files = (
			);
			inputPaths = (
			);
			outputPaths = (
			);
			runOnlyForDeploymentPostprocessing = 0;
			shellPath = /bin/sh;
			shellScript = "# Run the unit tests in this test bundle.\n\"${SYSTEM_DEVELOPER_DIR}/Tools/RunUnitTests\"\n";
		};
/* End PBXShellScriptBuildPhase section */

/* Begin PBXSourcesBuildPhase section */
		640C4E1D1623761E00E04266 /* Sources */ = {
			isa = PBXSourcesBuildPhase;
			buildActionMask = 2147483647;
			files = (
				640C4E321623761E00E04266 /* main.m in Sources */,
				640C4E361623761E00E04266 /* GPAppDelegate.m in Sources */,
				640C4E5D1623783600E04266 /* GPNearbyVenuesViewController.m in Sources */,
				640C4EDC1623891A00E04266 /* GPVenuesFetcher.m in Sources */,
				640C4EE61623898B00E04266 /* GPVenue.m in Sources */,
				6426FD9E1625F3F100C4D759 /* GPVenueDetailsViewController.m in Sources */,
				641B3DBF162625BF008F76F8 /* GPAuthHelpers.m in Sources */,
				641B3DF4162634FB008F76F8 /* MBProgressHUD.m in Sources */,
				641B3DF8162638ED008F76F8 /* KISSMetricsAPI.m in Sources */,
			);
			runOnlyForDeploymentPostprocessing = 0;
		};
		640C4E3D1623761E00E04266 /* Sources */ = {
			isa = PBXSourcesBuildPhase;
			buildActionMask = 2147483647;
			files = (
				640C4EE21623897900E04266 /* GPVenuesFetcherTests.m in Sources */,
				640C4EEA16238A7400E04266 /* GPVenueTests.m in Sources */,
			);
			runOnlyForDeploymentPostprocessing = 0;
		};
/* End PBXSourcesBuildPhase section */

/* Begin PBXTargetDependency section */
		640C4E481623761E00E04266 /* PBXTargetDependency */ = {
			isa = PBXTargetDependency;
			target = 640C4E201623761E00E04266 /* GeoPic */;
			targetProxy = 640C4E471623761E00E04266 /* PBXContainerItemProxy */;
		};
/* End PBXTargetDependency section */

/* Begin PBXVariantGroup section */
		640C4E2E1623761E00E04266 /* InfoPlist.strings */ = {
			isa = PBXVariantGroup;
			children = (
				640C4E2F1623761E00E04266 /* en */,
			);
			name = InfoPlist.strings;
			sourceTree = "<group>";
		};
		640C4E4C1623761E00E04266 /* InfoPlist.strings */ = {
			isa = PBXVariantGroup;
			children = (
				640C4E4D1623761E00E04266 /* en */,
			);
			name = InfoPlist.strings;
			sourceTree = "<group>";
		};
		64D2DA7016276784002A9574 /* Localizable.strings */ = {
			isa = PBXVariantGroup;
			children = (
				64D2DA7116276784002A9574 /* es */,
			);
			name = Localizable.strings;
			sourceTree = "<group>";
		};
/* End PBXVariantGroup section */

/* Begin XCBuildConfiguration section */
		640C4E521623761E00E04266 /* Dev */ = {
			isa = XCBuildConfiguration;
			baseConfigurationReference = 649CE9D31624F2FB0027FBC7 /* Dev.xcconfig */;
			buildSettings = {
				ALWAYS_SEARCH_USER_PATHS = NO;
				CLANG_CXX_LANGUAGE_STANDARD = "gnu++0x";
				CLANG_CXX_LIBRARY = "libc++";
				CLANG_WARN_EMPTY_BODY = YES;
				CLANG_WARN__DUPLICATE_METHOD_MATCH = YES;
				"CODE_SIGN_IDENTITY[sdk=iphoneos*]" = "iPhone Developer";
				COPY_PHASE_STRIP = NO;
				GCC_C_LANGUAGE_STANDARD = gnu99;
				GCC_DYNAMIC_NO_PIC = NO;
				GCC_OPTIMIZATION_LEVEL = 0;
				GCC_PREPROCESSOR_DEFINITIONS = (
					"DEBUG=1",
					"$(inherited)",
				);
				GCC_SYMBOLS_PRIVATE_EXTERN = NO;
				GCC_WARN_ABOUT_RETURN_TYPE = YES;
				GCC_WARN_UNINITIALIZED_AUTOS = YES;
				GCC_WARN_UNUSED_VARIABLE = YES;
				IPHONEOS_DEPLOYMENT_TARGET = 6.0;
				ONLY_ACTIVE_ARCH = YES;
				OTHER_LDFLAGS = "-ObjC";
				SDKROOT = iphoneos;
				TARGETED_DEVICE_FAMILY = "1,2";
			};
			name = Dev;
		};
		640C4E531623761E00E04266 /* Prod */ = {
			isa = XCBuildConfiguration;
			baseConfigurationReference = 649CE9D41624F3160027FBC7 /* Prod.xcconfig */;
			buildSettings = {
				ALWAYS_SEARCH_USER_PATHS = NO;
				CLANG_CXX_LANGUAGE_STANDARD = "gnu++0x";
				CLANG_CXX_LIBRARY = "libc++";
				CLANG_WARN_EMPTY_BODY = YES;
				CLANG_WARN__DUPLICATE_METHOD_MATCH = YES;
				"CODE_SIGN_IDENTITY[sdk=iphoneos*]" = "iPhone Developer";
				COPY_PHASE_STRIP = YES;
				GCC_C_LANGUAGE_STANDARD = gnu99;
				GCC_WARN_ABOUT_RETURN_TYPE = YES;
				GCC_WARN_UNINITIALIZED_AUTOS = YES;
				GCC_WARN_UNUSED_VARIABLE = YES;
				IPHONEOS_DEPLOYMENT_TARGET = 6.0;
				OTHER_CFLAGS = "-DNS_BLOCK_ASSERTIONS=1";
				OTHER_LDFLAGS = "-ObjC";
				SDKROOT = iphoneos;
				TARGETED_DEVICE_FAMILY = "1,2";
				VALIDATE_PRODUCT = YES;
			};
			name = Prod;
		};
		640C4E551623761E00E04266 /* Dev */ = {
			isa = XCBuildConfiguration;
			buildSettings = {
				GCC_PRECOMPILE_PREFIX_HEADER = YES;
				GCC_PREFIX_HEADER = "GeoPic/GeoPic-Prefix.pch";
				INFOPLIST_FILE = "GeoPic/GeoPic-Info.plist";
				LIBRARY_SEARCH_PATHS = (
					"$(inherited)",
					"\"$(SRCROOT)/GeoPic/StackMob-v1.0.1\"",
				);
				PRODUCT_NAME = "$(TARGET_NAME)";
				WRAPPER_EXTENSION = app;
			};
			name = Dev;
		};
		640C4E561623761E00E04266 /* Prod */ = {
			isa = XCBuildConfiguration;
			buildSettings = {
				GCC_PRECOMPILE_PREFIX_HEADER = YES;
				GCC_PREFIX_HEADER = "GeoPic/GeoPic-Prefix.pch";
				INFOPLIST_FILE = "GeoPic/GeoPic-Info.plist";
				LIBRARY_SEARCH_PATHS = (
					"$(inherited)",
					"\"$(SRCROOT)/GeoPic/StackMob-v1.0.1\"",
				);
				PRODUCT_NAME = "$(TARGET_NAME)";
				WRAPPER_EXTENSION = app;
			};
			name = Prod;
		};
		640C4E581623761E00E04266 /* Dev */ = {
			isa = XCBuildConfiguration;
			buildSettings = {
				BUNDLE_LOADER = "$(BUILT_PRODUCTS_DIR)/GeoPic.app/GeoPic";
				FRAMEWORK_SEARCH_PATHS = (
					"\"$(SDKROOT)/Developer/Library/Frameworks\"",
					"\"$(DEVELOPER_LIBRARY_DIR)/Frameworks\"",
				);
				GCC_PRECOMPILE_PREFIX_HEADER = YES;
				GCC_PREFIX_HEADER = "GeoPic/GeoPic-Prefix.pch";
				INFOPLIST_FILE = "GeoPicTests/GeoPicTests-Info.plist";
				PRODUCT_NAME = "$(TARGET_NAME)";
				TEST_HOST = "$(BUNDLE_LOADER)";
				WRAPPER_EXTENSION = octest;
			};
			name = Dev;
		};
		640C4E591623761E00E04266 /* Prod */ = {
			isa = XCBuildConfiguration;
			buildSettings = {
				BUNDLE_LOADER = "$(BUILT_PRODUCTS_DIR)/GeoPic.app/GeoPic";
				FRAMEWORK_SEARCH_PATHS = (
					"\"$(SDKROOT)/Developer/Library/Frameworks\"",
					"\"$(DEVELOPER_LIBRARY_DIR)/Frameworks\"",
				);
				GCC_PRECOMPILE_PREFIX_HEADER = YES;
				GCC_PREFIX_HEADER = "GeoPic/GeoPic-Prefix.pch";
				INFOPLIST_FILE = "GeoPicTests/GeoPicTests-Info.plist";
				PRODUCT_NAME = "$(TARGET_NAME)";
				TEST_HOST = "$(BUNDLE_LOADER)";
				WRAPPER_EXTENSION = octest;
			};
			name = Prod;
		};
/* End XCBuildConfiguration section */

/* Begin XCConfigurationList section */
		640C4E1B1623761E00E04266 /* Build configuration list for PBXProject "GeoPic" */ = {
			isa = XCConfigurationList;
			buildConfigurations = (
				640C4E521623761E00E04266 /* Dev */,
				640C4E531623761E00E04266 /* Prod */,
			);
			defaultConfigurationIsVisible = 0;
			defaultConfigurationName = Prod;
		};
		640C4E541623761E00E04266 /* Build configuration list for PBXNativeTarget "GeoPic" */ = {
			isa = XCConfigurationList;
			buildConfigurations = (
				640C4E551623761E00E04266 /* Dev */,
				640C4E561623761E00E04266 /* Prod */,
			);
			defaultConfigurationIsVisible = 0;
			defaultConfigurationName = Prod;
		};
		640C4E571623761E00E04266 /* Build configuration list for PBXNativeTarget "GeoPicTests" */ = {
			isa = XCConfigurationList;
			buildConfigurations = (
				640C4E581623761E00E04266 /* Dev */,
				640C4E591623761E00E04266 /* Prod */,
			);
			defaultConfigurationIsVisible = 0;
			defaultConfigurationName = Prod;
		};
/* End XCConfigurationList section */
	};
	rootObject = 640C4E181623761E00E04266 /* Project object */;
}
