// !$*UTF8*$!
{
	archiveVersion = 1;
	classes = {
	};
	objectVersion = 46;
	objects = {

/* Begin PBXBuildFile section */
		640C4E261623761E00E04266 /* UIKit.framework in Frameworks */ = {isa = PBXBuildFile; fileRef = 640C4E251623761E00E04266 /* UIKit.framework */; };
		640C4E281623761E00E04266 /* Foundation.framework in Frameworks */ = {isa = PBXBuildFile; fileRef = 640C4E271623761E00E04266 /* Foundation.framework */; };
		640C4E2A1623761E00E04266 /* CoreGraphics.framework in Frameworks */ = {isa = PBXBuildFile; fileRef = 640C4E291623761E00E04266 /* CoreGraphics.framework */; };
		640C4E301623761E00E04266 /* InfoPlist.strings in Resources */ = {isa = PBXBuildFile; fileRef = 640C4E2E1623761E00E04266 /* InfoPlist.strings */; };
		640C4E321623761E00E04266 /* main.m in Sources */ = {isa = PBXBuildFile; fileRef = 640C4E311623761E00E04266 /* main.m */; };
		640C4E361623761E00E04266 /* GPAppDelegate.m in Sources */ = {isa = PBXBuildFile; fileRef = 640C4E351623761E00E04266 /* GPAppDelegate.m */; };
		640C4E381623761E00E04266 /* Default.png in Resources */ = {isa = PBXBuildFile; fileRef = 640C4E371623761E00E04266 /* Default.png */; };
		640C4E3A1623761E00E04266 /* Default@2x.png in Resources */ = {isa = PBXBuildFile; fileRef = 640C4E391623761E00E04266 /* Default@2x.png */; };
		640C4E3C1623761E00E04266 /* Default-568h@2x.png in Resources */ = {isa = PBXBuildFile; fileRef = 640C4E3B1623761E00E04266 /* Default-568h@2x.png */; };
		640C4E441623761E00E04266 /* SenTestingKit.framework in Frameworks */ = {isa = PBXBuildFile; fileRef = 640C4E431623761E00E04266 /* SenTestingKit.framework */; };
		640C4E451623761E00E04266 /* UIKit.framework in Frameworks */ = {isa = PBXBuildFile; fileRef = 640C4E251623761E00E04266 /* UIKit.framework */; };
		640C4E461623761E00E04266 /* Foundation.framework in Frameworks */ = {isa = PBXBuildFile; fileRef = 640C4E271623761E00E04266 /* Foundation.framework */; };
		640C4E4E1623761E00E04266 /* InfoPlist.strings in Resources */ = {isa = PBXBuildFile; fileRef = 640C4E4C1623761E00E04266 /* InfoPlist.strings */; };
		640C4E5D1623783600E04266 /* GPNearbyVenuesViewController.m in Sources */ = {isa = PBXBuildFile; fileRef = 640C4E5C1623783600E04266 /* GPNearbyVenuesViewController.m */; };
		640C4E5F16237B8B00E04266 /* MapKit.framework in Frameworks */ = {isa = PBXBuildFile; fileRef = 640C4E5E16237B8A00E04266 /* MapKit.framework */; };
		640C4EAB162386A400E04266 /* AFHTTPClient.m in Sources */ = {isa = PBXBuildFile; fileRef = 640C4E65162386A400E04266 /* AFHTTPClient.m */; settings = {COMPILER_FLAGS = "-fobjc-arc "; }; };
		640C4EAC162386A400E04266 /* AFHTTPRequestOperation.m in Sources */ = {isa = PBXBuildFile; fileRef = 640C4E67162386A400E04266 /* AFHTTPRequestOperation.m */; settings = {COMPILER_FLAGS = "-fobjc-arc "; }; };
		640C4EAD162386A400E04266 /* AFImageRequestOperation.m in Sources */ = {isa = PBXBuildFile; fileRef = 640C4E69162386A400E04266 /* AFImageRequestOperation.m */; settings = {COMPILER_FLAGS = "-fobjc-arc "; }; };
		640C4EAE162386A400E04266 /* AFJSONRequestOperation.m in Sources */ = {isa = PBXBuildFile; fileRef = 640C4E6B162386A400E04266 /* AFJSONRequestOperation.m */; settings = {COMPILER_FLAGS = "-fobjc-arc "; }; };
		640C4EAF162386A400E04266 /* AFNetworkActivityIndicatorManager.m in Sources */ = {isa = PBXBuildFile; fileRef = 640C4E6D162386A400E04266 /* AFNetworkActivityIndicatorManager.m */; settings = {COMPILER_FLAGS = "-fobjc-arc "; }; };
		640C4EB0162386A400E04266 /* AFPropertyListRequestOperation.m in Sources */ = {isa = PBXBuildFile; fileRef = 640C4E70162386A400E04266 /* AFPropertyListRequestOperation.m */; settings = {COMPILER_FLAGS = "-fobjc-arc "; }; };
		640C4EB1162386A400E04266 /* AFURLConnectionOperation.m in Sources */ = {isa = PBXBuildFile; fileRef = 640C4E72162386A400E04266 /* AFURLConnectionOperation.m */; settings = {COMPILER_FLAGS = "-fobjc-arc "; }; };
		640C4EB2162386A400E04266 /* AFXMLRequestOperation.m in Sources */ = {isa = PBXBuildFile; fileRef = 640C4E74162386A400E04266 /* AFXMLRequestOperation.m */; settings = {COMPILER_FLAGS = "-fobjc-arc "; }; };
		640C4EB3162386A400E04266 /* UIImageView+AFNetworking.m in Sources */ = {isa = PBXBuildFile; fileRef = 640C4E76162386A400E04266 /* UIImageView+AFNetworking.m */; settings = {COMPILER_FLAGS = "-fobjc-arc "; }; };
		640C4ED61623875000E04266 /* MobileCoreServices.framework in Frameworks */ = {isa = PBXBuildFile; fileRef = 640C4ED41623873C00E04266 /* MobileCoreServices.framework */; };
		640C4ED71623875000E04266 /* SystemConfiguration.framework in Frameworks */ = {isa = PBXBuildFile; fileRef = 640C4ED21623873800E04266 /* SystemConfiguration.framework */; };
		640C4EDC1623891A00E04266 /* GPVenuesFetcher.m in Sources */ = {isa = PBXBuildFile; fileRef = 640C4EDA1623891A00E04266 /* GPVenuesFetcher.m */; };
		640C4EE21623897900E04266 /* GPVenuesFetcherTests.m in Sources */ = {isa = PBXBuildFile; fileRef = 640C4EDF1623897900E04266 /* GPVenuesFetcherTests.m */; };
		640C4EE61623898B00E04266 /* GPVenue.m in Sources */ = {isa = PBXBuildFile; fileRef = 640C4EE51623898B00E04266 /* GPVenue.m */; };
		640C4EE816238A2600E04266 /* CoreLocation.framework in Frameworks */ = {isa = PBXBuildFile; fileRef = 640C4EE716238A2600E04266 /* CoreLocation.framework */; };
		640C4EEA16238A7400E04266 /* GPVenueTests.m in Sources */ = {isa = PBXBuildFile; fileRef = 640C4EE916238A7400E04266 /* GPVenueTests.m */; };
		6426FD9E1625F3F100C4D759 /* GPVenueDetailsViewController.m in Sources */ = {isa = PBXBuildFile; fileRef = 6426FD9D1625F3F100C4D759 /* GPVenueDetailsViewController.m */; };
/* End PBXBuildFile section */

/* Begin PBXContainerItemProxy section */
		640C4E471623761E00E04266 /* PBXContainerItemProxy */ = {
			isa = PBXContainerItemProxy;
			containerPortal = 640C4E181623761E00E04266 /* Project object */;
			proxyType = 1;
			remoteGlobalIDString = 640C4E201623761E00E04266;
			remoteInfo = GeoPic;
		};
		640C4ECD162386A400E04266 /* PBXContainerItemProxy */ = {
			isa = PBXContainerItemProxy;
			containerPortal = 640C4E7C162386A400E04266 /* AFNetworking iOS Example.xcodeproj */;
			proxyType = 2;
			remoteGlobalIDString = F8E469601395739C00DB05C8;
			remoteInfo = "AFNetworking iOS Example";
		};
		640C4ED0162386A400E04266 /* PBXContainerItemProxy */ = {
			isa = PBXContainerItemProxy;
			containerPortal = 640C4E7F162386A400E04266 /* AFNetworking Mac Example.xcodeproj */;
			proxyType = 2;
			remoteGlobalIDString = F8129BFB1591061B009BFE23;
			remoteInfo = "AFNetworking Example";
		};
/* End PBXContainerItemProxy section */

/* Begin PBXFileReference section */
		640C4E211623761E00E04266 /* GeoPic.app */ = {isa = PBXFileReference; explicitFileType = wrapper.application; includeInIndex = 0; path = GeoPic.app; sourceTree = BUILT_PRODUCTS_DIR; };
		640C4E251623761E00E04266 /* UIKit.framework */ = {isa = PBXFileReference; lastKnownFileType = wrapper.framework; name = UIKit.framework; path = System/Library/Frameworks/UIKit.framework; sourceTree = SDKROOT; };
		640C4E271623761E00E04266 /* Foundation.framework */ = {isa = PBXFileReference; lastKnownFileType = wrapper.framework; name = Foundation.framework; path = System/Library/Frameworks/Foundation.framework; sourceTree = SDKROOT; };
		640C4E291623761E00E04266 /* CoreGraphics.framework */ = {isa = PBXFileReference; lastKnownFileType = wrapper.framework; name = CoreGraphics.framework; path = System/Library/Frameworks/CoreGraphics.framework; sourceTree = SDKROOT; };
		640C4E2D1623761E00E04266 /* GeoPic-Info.plist */ = {isa = PBXFileReference; lastKnownFileType = text.plist.xml; path = "GeoPic-Info.plist"; sourceTree = "<group>"; };
		640C4E2F1623761E00E04266 /* en */ = {isa = PBXFileReference; lastKnownFileType = text.plist.strings; name = en; path = en.lproj/InfoPlist.strings; sourceTree = "<group>"; };
		640C4E311623761E00E04266 /* main.m */ = {isa = PBXFileReference; lastKnownFileType = sourcecode.c.objc; path = main.m; sourceTree = "<group>"; };
		640C4E331623761E00E04266 /* GeoPic-Prefix.pch */ = {isa = PBXFileReference; lastKnownFileType = sourcecode.c.h; path = "GeoPic-Prefix.pch"; sourceTree = "<group>"; };
		640C4E341623761E00E04266 /* GPAppDelegate.h */ = {isa = PBXFileReference; lastKnownFileType = sourcecode.c.h; path = GPAppDelegate.h; sourceTree = "<group>"; };
		640C4E351623761E00E04266 /* GPAppDelegate.m */ = {isa = PBXFileReference; lastKnownFileType = sourcecode.c.objc; path = GPAppDelegate.m; sourceTree = "<group>"; };
		640C4E371623761E00E04266 /* Default.png */ = {isa = PBXFileReference; lastKnownFileType = image.png; path = Default.png; sourceTree = "<group>"; };
		640C4E391623761E00E04266 /* Default@2x.png */ = {isa = PBXFileReference; lastKnownFileType = image.png; path = "Default@2x.png"; sourceTree = "<group>"; };
		640C4E3B1623761E00E04266 /* Default-568h@2x.png */ = {isa = PBXFileReference; lastKnownFileType = image.png; path = "Default-568h@2x.png"; sourceTree = "<group>"; };
		640C4E421623761E00E04266 /* GeoPicTests.octest */ = {isa = PBXFileReference; explicitFileType = wrapper.cfbundle; includeInIndex = 0; path = GeoPicTests.octest; sourceTree = BUILT_PRODUCTS_DIR; };
		640C4E431623761E00E04266 /* SenTestingKit.framework */ = {isa = PBXFileReference; lastKnownFileType = wrapper.framework; name = SenTestingKit.framework; path = Library/Frameworks/SenTestingKit.framework; sourceTree = DEVELOPER_DIR; };
		640C4E4B1623761E00E04266 /* GeoPicTests-Info.plist */ = {isa = PBXFileReference; lastKnownFileType = text.plist.xml; path = "GeoPicTests-Info.plist"; sourceTree = "<group>"; };
		640C4E4D1623761E00E04266 /* en */ = {isa = PBXFileReference; lastKnownFileType = text.plist.strings; name = en; path = en.lproj/InfoPlist.strings; sourceTree = "<group>"; };
		640C4E5B1623783600E04266 /* GPNearbyVenuesViewController.h */ = {isa = PBXFileReference; fileEncoding = 4; lastKnownFileType = sourcecode.c.h; name = GPNearbyVenuesViewController.h; path = ViewControllers/GPNearbyVenuesViewController.h; sourceTree = "<group>"; };
		640C4E5C1623783600E04266 /* GPNearbyVenuesViewController.m */ = {isa = PBXFileReference; fileEncoding = 4; lastKnownFileType = sourcecode.c.objc; name = GPNearbyVenuesViewController.m; path = ViewControllers/GPNearbyVenuesViewController.m; sourceTree = "<group>"; };
		640C4E5E16237B8A00E04266 /* MapKit.framework */ = {isa = PBXFileReference; lastKnownFileType = wrapper.framework; name = MapKit.framework; path = System/Library/Frameworks/MapKit.framework; sourceTree = SDKROOT; };
		640C4E601623850700E04266 /* DLog.h */ = {isa = PBXFileReference; lastKnownFileType = sourcecode.c.h; path = DLog.h; sourceTree = "<group>"; };
		640C4E64162386A400E04266 /* AFHTTPClient.h */ = {isa = PBXFileReference; fileEncoding = 4; lastKnownFileType = sourcecode.c.h; path = AFHTTPClient.h; sourceTree = "<group>"; };
		640C4E65162386A400E04266 /* AFHTTPClient.m */ = {isa = PBXFileReference; fileEncoding = 4; lastKnownFileType = sourcecode.c.objc; path = AFHTTPClient.m; sourceTree = "<group>"; };
		640C4E66162386A400E04266 /* AFHTTPRequestOperation.h */ = {isa = PBXFileReference; fileEncoding = 4; lastKnownFileType = sourcecode.c.h; path = AFHTTPRequestOperation.h; sourceTree = "<group>"; };
		640C4E67162386A400E04266 /* AFHTTPRequestOperation.m */ = {isa = PBXFileReference; fileEncoding = 4; lastKnownFileType = sourcecode.c.objc; path = AFHTTPRequestOperation.m; sourceTree = "<group>"; };
		640C4E68162386A400E04266 /* AFImageRequestOperation.h */ = {isa = PBXFileReference; fileEncoding = 4; lastKnownFileType = sourcecode.c.h; path = AFImageRequestOperation.h; sourceTree = "<group>"; };
		640C4E69162386A400E04266 /* AFImageRequestOperation.m */ = {isa = PBXFileReference; fileEncoding = 4; lastKnownFileType = sourcecode.c.objc; path = AFImageRequestOperation.m; sourceTree = "<group>"; };
		640C4E6A162386A400E04266 /* AFJSONRequestOperation.h */ = {isa = PBXFileReference; fileEncoding = 4; lastKnownFileType = sourcecode.c.h; path = AFJSONRequestOperation.h; sourceTree = "<group>"; };
		640C4E6B162386A400E04266 /* AFJSONRequestOperation.m */ = {isa = PBXFileReference; fileEncoding = 4; lastKnownFileType = sourcecode.c.objc; path = AFJSONRequestOperation.m; sourceTree = "<group>"; };
		640C4E6C162386A400E04266 /* AFNetworkActivityIndicatorManager.h */ = {isa = PBXFileReference; fileEncoding = 4; lastKnownFileType = sourcecode.c.h; path = AFNetworkActivityIndicatorManager.h; sourceTree = "<group>"; };
		640C4E6D162386A400E04266 /* AFNetworkActivityIndicatorManager.m */ = {isa = PBXFileReference; fileEncoding = 4; lastKnownFileType = sourcecode.c.objc; path = AFNetworkActivityIndicatorManager.m; sourceTree = "<group>"; };
		640C4E6E162386A400E04266 /* AFNetworking.h */ = {isa = PBXFileReference; fileEncoding = 4; lastKnownFileType = sourcecode.c.h; path = AFNetworking.h; sourceTree = "<group>"; };
		640C4E6F162386A400E04266 /* AFPropertyListRequestOperation.h */ = {isa = PBXFileReference; fileEncoding = 4; lastKnownFileType = sourcecode.c.h; path = AFPropertyListRequestOperation.h; sourceTree = "<group>"; };
		640C4E70162386A400E04266 /* AFPropertyListRequestOperation.m */ = {isa = PBXFileReference; fileEncoding = 4; lastKnownFileType = sourcecode.c.objc; path = AFPropertyListRequestOperation.m; sourceTree = "<group>"; };
		640C4E71162386A400E04266 /* AFURLConnectionOperation.h */ = {isa = PBXFileReference; fileEncoding = 4; lastKnownFileType = sourcecode.c.h; path = AFURLConnectionOperation.h; sourceTree = "<group>"; };
		640C4E72162386A400E04266 /* AFURLConnectionOperation.m */ = {isa = PBXFileReference; fileEncoding = 4; lastKnownFileType = sourcecode.c.objc; path = AFURLConnectionOperation.m; sourceTree = "<group>"; };
		640C4E73162386A400E04266 /* AFXMLRequestOperation.h */ = {isa = PBXFileReference; fileEncoding = 4; lastKnownFileType = sourcecode.c.h; path = AFXMLRequestOperation.h; sourceTree = "<group>"; };
		640C4E74162386A400E04266 /* AFXMLRequestOperation.m */ = {isa = PBXFileReference; fileEncoding = 4; lastKnownFileType = sourcecode.c.objc; path = AFXMLRequestOperation.m; sourceTree = "<group>"; };
		640C4E75162386A400E04266 /* UIImageView+AFNetworking.h */ = {isa = PBXFileReference; fileEncoding = 4; lastKnownFileType = sourcecode.c.h; path = "UIImageView+AFNetworking.h"; sourceTree = "<group>"; };
		640C4E76162386A400E04266 /* UIImageView+AFNetworking.m */ = {isa = PBXFileReference; fileEncoding = 4; lastKnownFileType = sourcecode.c.objc; path = "UIImageView+AFNetworking.m"; sourceTree = "<group>"; };
		640C4E77162386A400E04266 /* AFNetworking.podspec */ = {isa = PBXFileReference; fileEncoding = 4; lastKnownFileType = text; path = AFNetworking.podspec; sourceTree = "<group>"; };
		640C4E78162386A400E04266 /* AFNetworking.xcworkspace */ = {isa = PBXFileReference; lastKnownFileType = wrapper.workspace; path = AFNetworking.xcworkspace; sourceTree = "<group>"; };
		640C4E79162386A400E04266 /* CHANGES */ = {isa = PBXFileReference; fileEncoding = 4; lastKnownFileType = text; path = CHANGES; sourceTree = "<group>"; };
		640C4E7B162386A400E04266 /* AFNetworking Example.entitlements */ = {isa = PBXFileReference; fileEncoding = 4; lastKnownFileType = text.xml; path = "AFNetworking Example.entitlements"; sourceTree = "<group>"; };
		640C4E7C162386A400E04266 /* AFNetworking iOS Example.xcodeproj */ = {isa = PBXFileReference; lastKnownFileType = "wrapper.pb-project"; path = "AFNetworking iOS Example.xcodeproj"; sourceTree = "<group>"; };
		640C4E7F162386A400E04266 /* AFNetworking Mac Example.xcodeproj */ = {isa = PBXFileReference; lastKnownFileType = "wrapper.pb-project"; path = "AFNetworking Mac Example.xcodeproj"; sourceTree = "<group>"; };
		640C4E82162386A400E04266 /* AppDelegate.h */ = {isa = PBXFileReference; fileEncoding = 4; lastKnownFileType = sourcecode.c.h; path = AppDelegate.h; sourceTree = "<group>"; };
		640C4E83162386A400E04266 /* AppDelegate.m */ = {isa = PBXFileReference; fileEncoding = 4; lastKnownFileType = sourcecode.c.objc; path = AppDelegate.m; sourceTree = "<group>"; };
		640C4E85162386A400E04266 /* AFTwitterAPIClient.h */ = {isa = PBXFileReference; fileEncoding = 4; lastKnownFileType = sourcecode.c.h; path = AFTwitterAPIClient.h; sourceTree = "<group>"; };
		640C4E86162386A400E04266 /* AFTwitterAPIClient.m */ = {isa = PBXFileReference; fileEncoding = 4; lastKnownFileType = sourcecode.c.objc; path = AFTwitterAPIClient.m; sourceTree = "<group>"; };
		640C4E88162386A400E04266 /* PublicTimelineViewController.h */ = {isa = PBXFileReference; fileEncoding = 4; lastKnownFileType = sourcecode.c.h; path = PublicTimelineViewController.h; sourceTree = "<group>"; };
		640C4E89162386A400E04266 /* PublicTimelineViewController.m */ = {isa = PBXFileReference; fileEncoding = 4; lastKnownFileType = sourcecode.c.objc; path = PublicTimelineViewController.m; sourceTree = "<group>"; };
		640C4E8B162386A400E04266 /* Tweet.h */ = {isa = PBXFileReference; fileEncoding = 4; lastKnownFileType = sourcecode.c.h; path = Tweet.h; sourceTree = "<group>"; };
		640C4E8C162386A400E04266 /* Tweet.m */ = {isa = PBXFileReference; fileEncoding = 4; lastKnownFileType = sourcecode.c.objc; path = Tweet.m; sourceTree = "<group>"; };
		640C4E8D162386A400E04266 /* User.h */ = {isa = PBXFileReference; fileEncoding = 4; lastKnownFileType = sourcecode.c.h; path = User.h; sourceTree = "<group>"; };
		640C4E8E162386A400E04266 /* User.m */ = {isa = PBXFileReference; fileEncoding = 4; lastKnownFileType = sourcecode.c.objc; path = User.m; sourceTree = "<group>"; };
		640C4E90162386A400E04266 /* TweetTableViewCell.h */ = {isa = PBXFileReference; fileEncoding = 4; lastKnownFileType = sourcecode.c.h; path = TweetTableViewCell.h; sourceTree = "<group>"; };
		640C4E91162386A400E04266 /* TweetTableViewCell.m */ = {isa = PBXFileReference; fileEncoding = 4; lastKnownFileType = sourcecode.c.objc; path = TweetTableViewCell.m; sourceTree = "<group>"; };
		640C4E92162386A400E04266 /* Default-568h@2x.png */ = {isa = PBXFileReference; lastKnownFileType = image.png; path = "Default-568h@2x.png"; sourceTree = "<group>"; };
		640C4E93162386A400E04266 /* Default.png */ = {isa = PBXFileReference; lastKnownFileType = image.png; path = Default.png; sourceTree = "<group>"; };
		640C4E94162386A400E04266 /* Default@2x.png */ = {isa = PBXFileReference; lastKnownFileType = image.png; path = "Default@2x.png"; sourceTree = "<group>"; };
		640C4E96162386A400E04266 /* en */ = {isa = PBXFileReference; lastKnownFileType = file.xib; name = en; path = en.lproj/MainMenu.xib; sourceTree = "<group>"; };
		640C4E97162386A400E04266 /* Icon.png */ = {isa = PBXFileReference; lastKnownFileType = image.png; path = Icon.png; sourceTree = "<group>"; };
		640C4E98162386A400E04266 /* Icon@2x.png */ = {isa = PBXFileReference; lastKnownFileType = image.png; path = "Icon@2x.png"; sourceTree = "<group>"; };
		640C4E9A162386A400E04266 /* profile-image-placeholder.png */ = {isa = PBXFileReference; lastKnownFileType = image.png; path = "profile-image-placeholder.png"; sourceTree = "<group>"; };
		640C4E9B162386A400E04266 /* profile-image-placeholder@2x.png */ = {isa = PBXFileReference; lastKnownFileType = image.png; path = "profile-image-placeholder@2x.png"; sourceTree = "<group>"; };
		640C4E9C162386A400E04266 /* iOS-Info.plist */ = {isa = PBXFileReference; fileEncoding = 4; lastKnownFileType = text.plist.xml; path = "iOS-Info.plist"; sourceTree = "<group>"; };
		640C4E9D162386A400E04266 /* Mac-Info.plist */ = {isa = PBXFileReference; fileEncoding = 4; lastKnownFileType = text.plist.xml; path = "Mac-Info.plist"; sourceTree = "<group>"; };
		640C4E9E162386A400E04266 /* main.m */ = {isa = PBXFileReference; fileEncoding = 4; lastKnownFileType = sourcecode.c.objc; path = main.m; sourceTree = "<group>"; };
		640C4E9F162386A400E04266 /* MainMenu.xib */ = {isa = PBXFileReference; fileEncoding = 4; lastKnownFileType = file.xib; path = MainMenu.xib; sourceTree = "<group>"; };
		640C4EA0162386A400E04266 /* Prefix.pch */ = {isa = PBXFileReference; fileEncoding = 4; lastKnownFileType = sourcecode.c.h; path = Prefix.pch; sourceTree = "<group>"; };
		640C4EA1162386A400E04266 /* LICENSE */ = {isa = PBXFileReference; fileEncoding = 4; lastKnownFileType = text; path = LICENSE; sourceTree = "<group>"; };
		640C4EA2162386A400E04266 /* README.md */ = {isa = PBXFileReference; fileEncoding = 4; lastKnownFileType = text; path = README.md; sourceTree = "<group>"; };
		640C4ED21623873800E04266 /* SystemConfiguration.framework */ = {isa = PBXFileReference; lastKnownFileType = wrapper.framework; name = SystemConfiguration.framework; path = System/Library/Frameworks/SystemConfiguration.framework; sourceTree = SDKROOT; };
		640C4ED41623873C00E04266 /* MobileCoreServices.framework */ = {isa = PBXFileReference; lastKnownFileType = wrapper.framework; name = MobileCoreServices.framework; path = System/Library/Frameworks/MobileCoreServices.framework; sourceTree = SDKROOT; };
		640C4ED91623891A00E04266 /* GPVenuesFetcher.h */ = {isa = PBXFileReference; fileEncoding = 4; lastKnownFileType = sourcecode.c.h; path = GPVenuesFetcher.h; sourceTree = "<group>"; };
		640C4EDA1623891A00E04266 /* GPVenuesFetcher.m */ = {isa = PBXFileReference; fileEncoding = 4; lastKnownFileType = sourcecode.c.objc; path = GPVenuesFetcher.m; sourceTree = "<group>"; };
		640C4EDB1623891A00E04266 /* GPVenuesFetcherDelegate.h */ = {isa = PBXFileReference; fileEncoding = 4; lastKnownFileType = sourcecode.c.h; path = GPVenuesFetcherDelegate.h; sourceTree = "<group>"; };
		640C4EDE1623897900E04266 /* GPVenuesFetcherTests.h */ = {isa = PBXFileReference; fileEncoding = 4; lastKnownFileType = sourcecode.c.h; path = GPVenuesFetcherTests.h; sourceTree = "<group>"; };
		640C4EDF1623897900E04266 /* GPVenuesFetcherTests.m */ = {isa = PBXFileReference; fileEncoding = 4; lastKnownFileType = sourcecode.c.objc; path = GPVenuesFetcherTests.m; sourceTree = "<group>"; };
		640C4EE01623897900E04266 /* GPVenueTests.h */ = {isa = PBXFileReference; fileEncoding = 4; lastKnownFileType = sourcecode.c.h; path = GPVenueTests.h; sourceTree = "<group>"; };
		640C4EE41623898B00E04266 /* GPVenue.h */ = {isa = PBXFileReference; fileEncoding = 4; lastKnownFileType = sourcecode.c.h; path = GPVenue.h; sourceTree = "<group>"; };
		640C4EE51623898B00E04266 /* GPVenue.m */ = {isa = PBXFileReference; fileEncoding = 4; lastKnownFileType = sourcecode.c.objc; path = GPVenue.m; sourceTree = "<group>"; };
		640C4EE716238A2600E04266 /* CoreLocation.framework */ = {isa = PBXFileReference; lastKnownFileType = wrapper.framework; name = CoreLocation.framework; path = System/Library/Frameworks/CoreLocation.framework; sourceTree = SDKROOT; };
		640C4EE916238A7400E04266 /* GPVenueTests.m */ = {isa = PBXFileReference; fileEncoding = 4; lastKnownFileType = sourcecode.c.objc; path = GPVenueTests.m; sourceTree = "<group>"; };
		6426FD9C1625F3F100C4D759 /* GPVenueDetailsViewController.h */ = {isa = PBXFileReference; fileEncoding = 4; lastKnownFileType = sourcecode.c.h; name = GPVenueDetailsViewController.h; path = ViewControllers/GPVenueDetailsViewController.h; sourceTree = "<group>"; };
		6426FD9D1625F3F100C4D759 /* GPVenueDetailsViewController.m */ = {isa = PBXFileReference; fileEncoding = 4; lastKnownFileType = sourcecode.c.objc; name = GPVenueDetailsViewController.m; path = ViewControllers/GPVenueDetailsViewController.m; sourceTree = "<group>"; };
		649CE9D31624F2FB0027FBC7 /* Dev.xcconfig */ = {isa = PBXFileReference; lastKnownFileType = text.xcconfig; name = Dev.xcconfig; path = GeoPic/Dev.xcconfig; sourceTree = "<group>"; };
		649CE9D41624F3160027FBC7 /* Prod.xcconfig */ = {isa = PBXFileReference; lastKnownFileType = text.xcconfig; name = Prod.xcconfig; path = GeoPic/Prod.xcconfig; sourceTree = "<group>"; };
/* End PBXFileReference section */

/* Begin PBXFrameworksBuildPhase section */
		640C4E1E1623761E00E04266 /* Frameworks */ = {
			isa = PBXFrameworksBuildPhase;
			buildActionMask = 2147483647;
			files = (
				640C4EE816238A2600E04266 /* CoreLocation.framework in Frameworks */,
				640C4E5F16237B8B00E04266 /* MapKit.framework in Frameworks */,
				640C4E261623761E00E04266 /* UIKit.framework in Frameworks */,
				640C4E281623761E00E04266 /* Foundation.framework in Frameworks */,
				640C4E2A1623761E00E04266 /* CoreGraphics.framework in Frameworks */,
				640C4ED61623875000E04266 /* MobileCoreServices.framework in Frameworks */,
				640C4ED71623875000E04266 /* SystemConfiguration.framework in Frameworks */,
			);
			runOnlyForDeploymentPostprocessing = 0;
		};
		640C4E3E1623761E00E04266 /* Frameworks */ = {
			isa = PBXFrameworksBuildPhase;
			buildActionMask = 2147483647;
			files = (
				640C4E441623761E00E04266 /* SenTestingKit.framework in Frameworks */,
				640C4E451623761E00E04266 /* UIKit.framework in Frameworks */,
				640C4E461623761E00E04266 /* Foundation.framework in Frameworks */,
			);
			runOnlyForDeploymentPostprocessing = 0;
		};
/* End PBXFrameworksBuildPhase section */

/* Begin PBXGroup section */
		640C4E161623761E00E04266 = {
			isa = PBXGroup;
			children = (
				649CE9D41624F3160027FBC7 /* Prod.xcconfig */,
				649CE9D31624F2FB0027FBC7 /* Dev.xcconfig */,
				640C4EE716238A2600E04266 /* CoreLocation.framework */,
				640C4E2B1623761E00E04266 /* GeoPic */,
				640C4E491623761E00E04266 /* GeoPicTests */,
				640C4E241623761E00E04266 /* Frameworks */,
				640C4E221623761E00E04266 /* Products */,
			);
			sourceTree = "<group>";
		};
		640C4E221623761E00E04266 /* Products */ = {
			isa = PBXGroup;
			children = (
				640C4E211623761E00E04266 /* GeoPic.app */,
				640C4E421623761E00E04266 /* GeoPicTests.octest */,
			);
			name = Products;
			sourceTree = "<group>";
		};
		640C4E241623761E00E04266 /* Frameworks */ = {
			isa = PBXGroup;
			children = (
				640C4ED41623873C00E04266 /* MobileCoreServices.framework */,
				640C4ED21623873800E04266 /* SystemConfiguration.framework */,
				640C4E5E16237B8A00E04266 /* MapKit.framework */,
				640C4E251623761E00E04266 /* UIKit.framework */,
				640C4E271623761E00E04266 /* Foundation.framework */,
				640C4E291623761E00E04266 /* CoreGraphics.framework */,
				640C4E431623761E00E04266 /* SenTestingKit.framework */,
			);
			name = Frameworks;
			sourceTree = "<group>";
		};
		640C4E2B1623761E00E04266 /* GeoPic */ = {
			isa = PBXGroup;
			children = (
				640C4ED8162388F500E04266 /* Foursquare */,
				640C4E62162386A400E04266 /* AFNetworking */,
				640C4E5A162377E500E04266 /* ViewControllers */,
				640C4E341623761E00E04266 /* GPAppDelegate.h */,
				640C4E351623761E00E04266 /* GPAppDelegate.m */,
				640C4E2C1623761E00E04266 /* Supporting Files */,
				640C4E601623850700E04266 /* DLog.h */,
			);
			path = GeoPic;
			sourceTree = "<group>";
		};
		640C4E2C1623761E00E04266 /* Supporting Files */ = {
			isa = PBXGroup;
			children = (
				640C4E2D1623761E00E04266 /* GeoPic-Info.plist */,
				640C4E2E1623761E00E04266 /* InfoPlist.strings */,
				640C4E311623761E00E04266 /* main.m */,
				640C4E331623761E00E04266 /* GeoPic-Prefix.pch */,
				640C4E371623761E00E04266 /* Default.png */,
				640C4E391623761E00E04266 /* Default@2x.png */,
				640C4E3B1623761E00E04266 /* Default-568h@2x.png */,
			);
			name = "Supporting Files";
			sourceTree = "<group>";
		};
		640C4E491623761E00E04266 /* GeoPicTests */ = {
			isa = PBXGroup;
			children = (
				640C4EDD1623896200E04266 /* Foursquare */,
				640C4E4A1623761E00E04266 /* Supporting Files */,
			);
			path = GeoPicTests;
			sourceTree = "<group>";
		};
		640C4E4A1623761E00E04266 /* Supporting Files */ = {
			isa = PBXGroup;
			children = (
				640C4E4B1623761E00E04266 /* GeoPicTests-Info.plist */,
				640C4E4C1623761E00E04266 /* InfoPlist.strings */,
			);
			name = "Supporting Files";
			sourceTree = "<group>";
		};
		640C4E5A162377E500E04266 /* ViewControllers */ = {
			isa = PBXGroup;
			children = (
				640C4E5B1623783600E04266 /* GPNearbyVenuesViewController.h */,
				640C4E5C1623783600E04266 /* GPNearbyVenuesViewController.m */,
				6426FD9C1625F3F100C4D759 /* GPVenueDetailsViewController.h */,
				6426FD9D1625F3F100C4D759 /* GPVenueDetailsViewController.m */,
			);
			name = ViewControllers;
			sourceTree = "<group>";
		};
		640C4E62162386A400E04266 /* AFNetworking */ = {
			isa = PBXGroup;
			children = (
				640C4E63162386A400E04266 /* AFNetworking */,
				640C4E77162386A400E04266 /* AFNetworking.podspec */,
				640C4E78162386A400E04266 /* AFNetworking.xcworkspace */,
				640C4E79162386A400E04266 /* CHANGES */,
				640C4E7A162386A400E04266 /* Example */,
				640C4EA1162386A400E04266 /* LICENSE */,
				640C4EA2162386A400E04266 /* README.md */,
			);
			path = AFNetworking;
			sourceTree = "<group>";
		};
		640C4E63162386A400E04266 /* AFNetworking */ = {
			isa = PBXGroup;
			children = (
				640C4E64162386A400E04266 /* AFHTTPClient.h */,
				640C4E65162386A400E04266 /* AFHTTPClient.m */,
				640C4E66162386A400E04266 /* AFHTTPRequestOperation.h */,
				640C4E67162386A400E04266 /* AFHTTPRequestOperation.m */,
				640C4E68162386A400E04266 /* AFImageRequestOperation.h */,
				640C4E69162386A400E04266 /* AFImageRequestOperation.m */,
				640C4E6A162386A400E04266 /* AFJSONRequestOperation.h */,
				640C4E6B162386A400E04266 /* AFJSONRequestOperation.m */,
				640C4E6C162386A400E04266 /* AFNetworkActivityIndicatorManager.h */,
				640C4E6D162386A400E04266 /* AFNetworkActivityIndicatorManager.m */,
				640C4E6E162386A400E04266 /* AFNetworking.h */,
				640C4E6F162386A400E04266 /* AFPropertyListRequestOperation.h */,
				640C4E70162386A400E04266 /* AFPropertyListRequestOperation.m */,
				640C4E71162386A400E04266 /* AFURLConnectionOperation.h */,
				640C4E72162386A400E04266 /* AFURLConnectionOperation.m */,
				640C4E73162386A400E04266 /* AFXMLRequestOperation.h */,
				640C4E74162386A400E04266 /* AFXMLRequestOperation.m */,
				640C4E75162386A400E04266 /* UIImageView+AFNetworking.h */,
				640C4E76162386A400E04266 /* UIImageView+AFNetworking.m */,
			);
			path = AFNetworking;
			sourceTree = "<group>";
		};
		640C4E7A162386A400E04266 /* Example */ = {
			isa = PBXGroup;
			children = (
				640C4E7B162386A400E04266 /* AFNetworking Example.entitlements */,
				640C4E7C162386A400E04266 /* AFNetworking iOS Example.xcodeproj */,
				640C4E7F162386A400E04266 /* AFNetworking Mac Example.xcodeproj */,
				640C4E82162386A400E04266 /* AppDelegate.h */,
				640C4E83162386A400E04266 /* AppDelegate.m */,
				640C4E84162386A400E04266 /* Classes */,
				640C4E92162386A400E04266 /* Default-568h@2x.png */,
				640C4E93162386A400E04266 /* Default.png */,
				640C4E94162386A400E04266 /* Default@2x.png */,
				640C4E95162386A400E04266 /* MainMenu.xib */,
				640C4E97162386A400E04266 /* Icon.png */,
				640C4E98162386A400E04266 /* Icon@2x.png */,
				640C4E99162386A400E04266 /* Images */,
				640C4E9C162386A400E04266 /* iOS-Info.plist */,
				640C4E9D162386A400E04266 /* Mac-Info.plist */,
				640C4E9E162386A400E04266 /* main.m */,
				640C4E9F162386A400E04266 /* MainMenu.xib */,
				640C4EA0162386A400E04266 /* Prefix.pch */,
			);
			path = Example;
			sourceTree = "<group>";
		};
		640C4E7D162386A400E04266 /* Products */ = {
			isa = PBXGroup;
			children = (
				640C4ECE162386A400E04266 /* AFNetworking iOS Example.app */,
			);
			name = Products;
			sourceTree = "<group>";
		};
		640C4E80162386A400E04266 /* Products */ = {
			isa = PBXGroup;
			children = (
				640C4ED1162386A400E04266 /* AFNetworking Example.app */,
			);
			name = Products;
			sourceTree = "<group>";
		};
		640C4E84162386A400E04266 /* Classes */ = {
			isa = PBXGroup;
			children = (
				640C4E85162386A400E04266 /* AFTwitterAPIClient.h */,
				640C4E86162386A400E04266 /* AFTwitterAPIClient.m */,
				640C4E87162386A400E04266 /* Controllers */,
				640C4E8A162386A400E04266 /* Models */,
				640C4E8F162386A400E04266 /* Views */,
			);
			path = Classes;
			sourceTree = "<group>";
		};
		640C4E87162386A400E04266 /* Controllers */ = {
			isa = PBXGroup;
			children = (
				640C4E88162386A400E04266 /* PublicTimelineViewController.h */,
				640C4E89162386A400E04266 /* PublicTimelineViewController.m */,
			);
			path = Controllers;
			sourceTree = "<group>";
		};
		640C4E8A162386A400E04266 /* Models */ = {
			isa = PBXGroup;
			children = (
				640C4E8B162386A400E04266 /* Tweet.h */,
				640C4E8C162386A400E04266 /* Tweet.m */,
				640C4E8D162386A400E04266 /* User.h */,
				640C4E8E162386A400E04266 /* User.m */,
			);
			path = Models;
			sourceTree = "<group>";
		};
		640C4E8F162386A400E04266 /* Views */ = {
			isa = PBXGroup;
			children = (
				640C4E90162386A400E04266 /* TweetTableViewCell.h */,
				640C4E91162386A400E04266 /* TweetTableViewCell.m */,
			);
			path = Views;
			sourceTree = "<group>";
		};
		640C4E99162386A400E04266 /* Images */ = {
			isa = PBXGroup;
			children = (
				640C4E9A162386A400E04266 /* profile-image-placeholder.png */,
				640C4E9B162386A400E04266 /* profile-image-placeholder@2x.png */,
			);
			path = Images;
			sourceTree = "<group>";
		};
		640C4ED8162388F500E04266 /* Foursquare */ = {
			isa = PBXGroup;
			children = (
				640C4EE41623898B00E04266 /* GPVenue.h */,
				640C4EE51623898B00E04266 /* GPVenue.m */,
				640C4ED91623891A00E04266 /* GPVenuesFetcher.h */,
				640C4EDA1623891A00E04266 /* GPVenuesFetcher.m */,
				640C4EDB1623891A00E04266 /* GPVenuesFetcherDelegate.h */,
			);
			name = Foursquare;
			sourceTree = "<group>";
		};
		640C4EDD1623896200E04266 /* Foursquare */ = {
			isa = PBXGroup;
			children = (
				640C4EDE1623897900E04266 /* GPVenuesFetcherTests.h */,
				640C4EDF1623897900E04266 /* GPVenuesFetcherTests.m */,
				640C4EE01623897900E04266 /* GPVenueTests.h */,
				640C4EE916238A7400E04266 /* GPVenueTests.m */,
			);
			name = Foursquare;
			sourceTree = "<group>";
		};
/* End PBXGroup section */

/* Begin PBXNativeTarget section */
		640C4E201623761E00E04266 /* GeoPic */ = {
			isa = PBXNativeTarget;
			buildConfigurationList = 640C4E541623761E00E04266 /* Build configuration list for PBXNativeTarget "GeoPic" */;
			buildPhases = (
				640C4E1D1623761E00E04266 /* Sources */,
				640C4E1E1623761E00E04266 /* Frameworks */,
				640C4E1F1623761E00E04266 /* Resources */,
			);
			buildRules = (
			);
			dependencies = (
			);
			name = GeoPic;
			productName = GeoPic;
			productReference = 640C4E211623761E00E04266 /* GeoPic.app */;
			productType = "com.apple.product-type.application";
		};
		640C4E411623761E00E04266 /* GeoPicTests */ = {
			isa = PBXNativeTarget;
			buildConfigurationList = 640C4E571623761E00E04266 /* Build configuration list for PBXNativeTarget "GeoPicTests" */;
			buildPhases = (
				640C4E3D1623761E00E04266 /* Sources */,
				640C4E3E1623761E00E04266 /* Frameworks */,
				640C4E3F1623761E00E04266 /* Resources */,
				640C4E401623761E00E04266 /* ShellScript */,
			);
			buildRules = (
			);
			dependencies = (
				640C4E481623761E00E04266 /* PBXTargetDependency */,
			);
			name = GeoPicTests;
			productName = GeoPicTests;
			productReference = 640C4E421623761E00E04266 /* GeoPicTests.octest */;
			productType = "com.apple.product-type.bundle";
		};
/* End PBXNativeTarget section */

/* Begin PBXProject section */
		640C4E181623761E00E04266 /* Project object */ = {
			isa = PBXProject;
			attributes = {
				CLASSPREFIX = GP;
				LastUpgradeCheck = 0450;
				ORGANIZATIONNAME = "Palomino Labs, Inc.";
			};
			buildConfigurationList = 640C4E1B1623761E00E04266 /* Build configuration list for PBXProject "GeoPic" */;
			compatibilityVersion = "Xcode 3.2";
			developmentRegion = English;
			hasScannedForEncodings = 0;
			knownRegions = (
				en,
			);
			mainGroup = 640C4E161623761E00E04266;
			productRefGroup = 640C4E221623761E00E04266 /* Products */;
			projectDirPath = "";
			projectReferences = (
				{
					ProductGroup = 640C4E7D162386A400E04266 /* Products */;
					ProjectRef = 640C4E7C162386A400E04266 /* AFNetworking iOS Example.xcodeproj */;
				},
				{
					ProductGroup = 640C4E80162386A400E04266 /* Products */;
					ProjectRef = 640C4E7F162386A400E04266 /* AFNetworking Mac Example.xcodeproj */;
				},
			);
			projectRoot = "";
			targets = (
				640C4E201623761E00E04266 /* GeoPic */,
				640C4E411623761E00E04266 /* GeoPicTests */,
			);
		};
/* End PBXProject section */

/* Begin PBXReferenceProxy section */
		640C4ECE162386A400E04266 /* AFNetworking iOS Example.app */ = {
			isa = PBXReferenceProxy;
			fileType = wrapper.application;
			path = "AFNetworking iOS Example.app";
			remoteRef = 640C4ECD162386A400E04266 /* PBXContainerItemProxy */;
			sourceTree = BUILT_PRODUCTS_DIR;
		};
		640C4ED1162386A400E04266 /* AFNetworking Example.app */ = {
			isa = PBXReferenceProxy;
			fileType = wrapper.application;
			path = "AFNetworking Example.app";
			remoteRef = 640C4ED0162386A400E04266 /* PBXContainerItemProxy */;
			sourceTree = BUILT_PRODUCTS_DIR;
		};
/* End PBXReferenceProxy section */

/* Begin PBXResourcesBuildPhase section */
		640C4E1F1623761E00E04266 /* Resources */ = {
			isa = PBXResourcesBuildPhase;
			buildActionMask = 2147483647;
			files = (
				640C4E301623761E00E04266 /* InfoPlist.strings in Resources */,
				640C4E381623761E00E04266 /* Default.png in Resources */,
				640C4E3A1623761E00E04266 /* Default@2x.png in Resources */,
				640C4E3C1623761E00E04266 /* Default-568h@2x.png in Resources */,
			);
			runOnlyForDeploymentPostprocessing = 0;
		};
		640C4E3F1623761E00E04266 /* Resources */ = {
			isa = PBXResourcesBuildPhase;
			buildActionMask = 2147483647;
			files = (
				640C4E4E1623761E00E04266 /* InfoPlist.strings in Resources */,
			);
			runOnlyForDeploymentPostprocessing = 0;
		};
/* End PBXResourcesBuildPhase section */

/* Begin PBXShellScriptBuildPhase section */
		640C4E401623761E00E04266 /* ShellScript */ = {
			isa = PBXShellScriptBuildPhase;
			buildActionMask = 2147483647;
			files = (
			);
			inputPaths = (
			);
			outputPaths = (
			);
			runOnlyForDeploymentPostprocessing = 0;
			shellPath = /bin/sh;
			shellScript = "# Run the unit tests in this test bundle.\n\"${SYSTEM_DEVELOPER_DIR}/Tools/RunUnitTests\"\n";
		};
/* End PBXShellScriptBuildPhase section */

/* Begin PBXSourcesBuildPhase section */
		640C4E1D1623761E00E04266 /* Sources */ = {
			isa = PBXSourcesBuildPhase;
			buildActionMask = 2147483647;
			files = (
				640C4E321623761E00E04266 /* main.m in Sources */,
				640C4E361623761E00E04266 /* GPAppDelegate.m in Sources */,
				640C4E5D1623783600E04266 /* GPNearbyVenuesViewController.m in Sources */,
				640C4EAB162386A400E04266 /* AFHTTPClient.m in Sources */,
				640C4EAC162386A400E04266 /* AFHTTPRequestOperation.m in Sources */,
				640C4EAD162386A400E04266 /* AFImageRequestOperation.m in Sources */,
				640C4EAE162386A400E04266 /* AFJSONRequestOperation.m in Sources */,
				640C4EAF162386A400E04266 /* AFNetworkActivityIndicatorManager.m in Sources */,
				640C4EB0162386A400E04266 /* AFPropertyListRequestOperation.m in Sources */,
				640C4EB1162386A400E04266 /* AFURLConnectionOperation.m in Sources */,
				640C4EB2162386A400E04266 /* AFXMLRequestOperation.m in Sources */,
				640C4EB3162386A400E04266 /* UIImageView+AFNetworking.m in Sources */,
				640C4EDC1623891A00E04266 /* GPVenuesFetcher.m in Sources */,
				640C4EE61623898B00E04266 /* GPVenue.m in Sources */,
				6426FD9E1625F3F100C4D759 /* GPVenueDetailsViewController.m in Sources */,
			);
			runOnlyForDeploymentPostprocessing = 0;
		};
		640C4E3D1623761E00E04266 /* Sources */ = {
			isa = PBXSourcesBuildPhase;
			buildActionMask = 2147483647;
			files = (
				640C4EE21623897900E04266 /* GPVenuesFetcherTests.m in Sources */,
				640C4EEA16238A7400E04266 /* GPVenueTests.m in Sources */,
			);
			runOnlyForDeploymentPostprocessing = 0;
		};
/* End PBXSourcesBuildPhase section */

/* Begin PBXTargetDependency section */
		640C4E481623761E00E04266 /* PBXTargetDependency */ = {
			isa = PBXTargetDependency;
			target = 640C4E201623761E00E04266 /* GeoPic */;
			targetProxy = 640C4E471623761E00E04266 /* PBXContainerItemProxy */;
		};
/* End PBXTargetDependency section */

/* Begin PBXVariantGroup section */
		640C4E2E1623761E00E04266 /* InfoPlist.strings */ = {
			isa = PBXVariantGroup;
			children = (
				640C4E2F1623761E00E04266 /* en */,
			);
			name = InfoPlist.strings;
			sourceTree = "<group>";
		};
		640C4E4C1623761E00E04266 /* InfoPlist.strings */ = {
			isa = PBXVariantGroup;
			children = (
				640C4E4D1623761E00E04266 /* en */,
			);
			name = InfoPlist.strings;
			sourceTree = "<group>";
		};
		640C4E95162386A400E04266 /* MainMenu.xib */ = {
			isa = PBXVariantGroup;
			children = (
				640C4E96162386A400E04266 /* en */,
			);
			name = MainMenu.xib;
			sourceTree = "<group>";
		};
/* End PBXVariantGroup section */

/* Begin XCBuildConfiguration section */
		640C4E521623761E00E04266 /* Dev */ = {
			isa = XCBuildConfiguration;
			baseConfigurationReference = 649CE9D31624F2FB0027FBC7 /* Dev.xcconfig */;
			buildSettings = {
				ALWAYS_SEARCH_USER_PATHS = NO;
				CLANG_CXX_LANGUAGE_STANDARD = "gnu++0x";
				CLANG_CXX_LIBRARY = "libc++";
				CLANG_WARN_EMPTY_BODY = YES;
				CLANG_WARN__DUPLICATE_METHOD_MATCH = YES;
				"CODE_SIGN_IDENTITY[sdk=iphoneos*]" = "iPhone Developer";
				COPY_PHASE_STRIP = NO;
				GCC_C_LANGUAGE_STANDARD = gnu99;
				GCC_DYNAMIC_NO_PIC = NO;
				GCC_OPTIMIZATION_LEVEL = 0;
				GCC_PREPROCESSOR_DEFINITIONS = (
					"DEBUG=1",
					"$(inherited)",
				);
				GCC_SYMBOLS_PRIVATE_EXTERN = NO;
				GCC_WARN_ABOUT_RETURN_TYPE = YES;
				GCC_WARN_UNINITIALIZED_AUTOS = YES;
				GCC_WARN_UNUSED_VARIABLE = YES;
				IPHONEOS_DEPLOYMENT_TARGET = 6.0;
				ONLY_ACTIVE_ARCH = YES;
				SDKROOT = iphoneos;
				TARGETED_DEVICE_FAMILY = "1,2";
			};
			name = Dev;
		};
		640C4E531623761E00E04266 /* Prod */ = {
			isa = XCBuildConfiguration;
			baseConfigurationReference = 649CE9D41624F3160027FBC7 /* Prod.xcconfig */;
			buildSettings = {
				ALWAYS_SEARCH_USER_PATHS = NO;
				CLANG_CXX_LANGUAGE_STANDARD = "gnu++0x";
				CLANG_CXX_LIBRARY = "libc++";
				CLANG_WARN_EMPTY_BODY = YES;
				CLANG_WARN__DUPLICATE_METHOD_MATCH = YES;
				"CODE_SIGN_IDENTITY[sdk=iphoneos*]" = "iPhone Developer";
				COPY_PHASE_STRIP = YES;
				GCC_C_LANGUAGE_STANDARD = gnu99;
				GCC_WARN_ABOUT_RETURN_TYPE = YES;
				GCC_WARN_UNINITIALIZED_AUTOS = YES;
				GCC_WARN_UNUSED_VARIABLE = YES;
				IPHONEOS_DEPLOYMENT_TARGET = 6.0;
				OTHER_CFLAGS = "-DNS_BLOCK_ASSERTIONS=1";
				SDKROOT = iphoneos;
				TARGETED_DEVICE_FAMILY = "1,2";
				VALIDATE_PRODUCT = YES;
			};
			name = Prod;
		};
		640C4E551623761E00E04266 /* Dev */ = {
			isa = XCBuildConfiguration;
			buildSettings = {
				GCC_PRECOMPILE_PREFIX_HEADER = YES;
				GCC_PREFIX_HEADER = "GeoPic/GeoPic-Prefix.pch";
				INFOPLIST_FILE = "GeoPic/GeoPic-Info.plist";
				PRODUCT_NAME = "$(TARGET_NAME)";
				WRAPPER_EXTENSION = app;
			};
			name = Dev;
		};
		640C4E561623761E00E04266 /* Prod */ = {
			isa = XCBuildConfiguration;
			buildSettings = {
				GCC_PRECOMPILE_PREFIX_HEADER = YES;
				GCC_PREFIX_HEADER = "GeoPic/GeoPic-Prefix.pch";
				INFOPLIST_FILE = "GeoPic/GeoPic-Info.plist";
				PRODUCT_NAME = "$(TARGET_NAME)";
				WRAPPER_EXTENSION = app;
			};
			name = Prod;
		};
		640C4E581623761E00E04266 /* Dev */ = {
			isa = XCBuildConfiguration;
			buildSettings = {
				BUNDLE_LOADER = "$(BUILT_PRODUCTS_DIR)/GeoPic.app/GeoPic";
				FRAMEWORK_SEARCH_PATHS = (
					"\"$(SDKROOT)/Developer/Library/Frameworks\"",
					"\"$(DEVELOPER_LIBRARY_DIR)/Frameworks\"",
				);
				GCC_PRECOMPILE_PREFIX_HEADER = YES;
				GCC_PREFIX_HEADER = "GeoPic/GeoPic-Prefix.pch";
				INFOPLIST_FILE = "GeoPicTests/GeoPicTests-Info.plist";
				PRODUCT_NAME = "$(TARGET_NAME)";
				TEST_HOST = "$(BUNDLE_LOADER)";
				WRAPPER_EXTENSION = octest;
			};
			name = Dev;
		};
		640C4E591623761E00E04266 /* Prod */ = {
			isa = XCBuildConfiguration;
			buildSettings = {
				BUNDLE_LOADER = "$(BUILT_PRODUCTS_DIR)/GeoPic.app/GeoPic";
				FRAMEWORK_SEARCH_PATHS = (
					"\"$(SDKROOT)/Developer/Library/Frameworks\"",
					"\"$(DEVELOPER_LIBRARY_DIR)/Frameworks\"",
				);
				GCC_PRECOMPILE_PREFIX_HEADER = YES;
				GCC_PREFIX_HEADER = "GeoPic/GeoPic-Prefix.pch";
				INFOPLIST_FILE = "GeoPicTests/GeoPicTests-Info.plist";
				PRODUCT_NAME = "$(TARGET_NAME)";
				TEST_HOST = "$(BUNDLE_LOADER)";
				WRAPPER_EXTENSION = octest;
			};
			name = Prod;
		};
/* End XCBuildConfiguration section */

/* Begin XCConfigurationList section */
		640C4E1B1623761E00E04266 /* Build configuration list for PBXProject "GeoPic" */ = {
			isa = XCConfigurationList;
			buildConfigurations = (
				640C4E521623761E00E04266 /* Dev */,
				640C4E531623761E00E04266 /* Prod */,
			);
			defaultConfigurationIsVisible = 0;
			defaultConfigurationName = Prod;
		};
		640C4E541623761E00E04266 /* Build configuration list for PBXNativeTarget "GeoPic" */ = {
			isa = XCConfigurationList;
			buildConfigurations = (
				640C4E551623761E00E04266 /* Dev */,
				640C4E561623761E00E04266 /* Prod */,
			);
			defaultConfigurationIsVisible = 0;
			defaultConfigurationName = Prod;
		};
		640C4E571623761E00E04266 /* Build configuration list for PBXNativeTarget "GeoPicTests" */ = {
			isa = XCConfigurationList;
			buildConfigurations = (
				640C4E581623761E00E04266 /* Dev */,
				640C4E591623761E00E04266 /* Prod */,
			);
			defaultConfigurationIsVisible = 0;
			defaultConfigurationName = Prod;
		};
/* End XCConfigurationList section */
	};
	rootObject = 640C4E181623761E00E04266 /* Project object */;
}
